<?xml version="1.0"?>
<CONFIG>
  <ProjectOptions>
    <Version Value="9"/>
    <General>
      <MainUnit Value="0"/>
      <Title Value="hotel"/>
      <UseXPManifest Value="True"/>
      <Icon Value="0"/>
      <ActiveWindowIndexAtStart Value="0"/>
    </General>
    <i18n>
      <EnableI18N Value="True"/>
      <OutDir Value="properties"/>
    </i18n>
    <VersionInfo>
      <StringTable ProductVersion=""/>
    </VersionInfo>
    <BuildModes Count="1">
      <Item1 Name="default" Default="True"/>
    </BuildModes>
    <PublishOptions>
      <Version Value="2"/>
      <IgnoreBinaries Value="False"/>
      <IncludeFileFilter Value="*.(pas|pp|inc|lfm|lpr|lrs|lpi|lpk|sh|xml)"/>
      <ExcludeFileFilter Value="*.(bak|ppu|ppw|o|so);*~;backup"/>
    </PublishOptions>
    <RunParams>
      <local>
        <FormatVersion Value="1"/>
        <LaunchingApplication PathPlusParams="/usr/X11R6/bin/xterm -T 'Lazarus Run Output' -e $(LazarusDir)/tools/runwait.sh $(TargetCmdLine)"/>
      </local>
    </RunParams>
    <RequiredPackages Count="7">
      <Item1>
        <PackageName Value="JvXPBarLaz"/>
        <MinVersion Major="1" Release="2" Valid="True"/>
      </Item1>
      <Item2>
        <PackageName Value="lazxmlframes"/>
      </Item2>
      <Item3>
        <PackageName Value="lazmansoft"/>
      </Item3>
      <Item4>
        <PackageName Value="lazmanframes"/>
      </Item4>
      <Item5>
        <PackageName Value="lazfonctions"/>
      </Item5>
      <Item6>
        <PackageName Value="lazextcomponents"/>
      </Item6>
      <Item7>
        <PackageName Value="LCL"/>
      </Item7>
    </RequiredPackages>
    <Units Count="178">
      <Unit0>
        <Filename Value="hotel.pas"/>
        <IsPartOfProject Value="True"/>
        <UnitName Value="hotel"/>
        <EditorIndex Value="0"/>
        <WindowIndex Value="0"/>
        <TopLine Value="16"/>
        <CursorPos X="51" Y="27"/>
        <UsageCount Value="175"/>
        <Loaded Value="True"/>
        <LoadedDesigner Value="True"/>
      </Unit0>
      <Unit1>
        <Filename Value="../weo/U_ConstMessage.pas"/>
        <IsPartOfProject Value="True"/>
        <UnitName Value="U_ConstMessage"/>
        <TopLine Value="1"/>
        <CursorPos X="1" Y="1"/>
        <UsageCount Value="175"/>
      </Unit1>
      <Unit2>
        <Filename Value="../XMLFrames/composants/u_formxml.pas"/>
        <ComponentName Value="F_XMLForm"/>
        <HasResources Value="True"/>
        <ResourceBaseClass Value="Form"/>
        <UnitName Value="u_formxml"/>
        <TopLine Value="112"/>
        <CursorPos X="90" Y="23"/>
        <UsageCount Value="8"/>
      </Unit2>
      <Unit3>
        <Filename Value="../XMLFrames/forms/u_multidonnees.pas"/>
        <ComponentName Value="M_Donnees"/>
        <HasResources Value="True"/>
        <ResourceBaseClass Value="DataModule"/>
        <UnitName Value="u_multidonnees"/>
        <TopLine Value="73"/>
        <CursorPos X="66" Y="73"/>
        <UsageCount Value="40"/>
      </Unit3>
      <Unit4>
        <Filename Value="../XMLFrames/fonctions/fonctions_xml.pas"/>
        <UnitName Value="fonctions_xml"/>
        <TopLine Value="285"/>
        <CursorPos X="47" Y="296"/>
        <UsageCount Value="56"/>
      </Unit4>
      <Unit5>
        <Filename Value="../Extended/composants/U_ExtDBNavigator.pas"/>
        <UnitName Value="U_ExtDBNavigator"/>
        <TopLine Value="542"/>
        <CursorPos X="1" Y="561"/>
        <UsageCount Value="8"/>
      </Unit5>
      <Unit6>
        <Filename Value="../Extended/forms/U_About.pas"/>
        <UnitName Value="U_About"/>
        <TopLine Value="35"/>
        <CursorPos X="22" Y="55"/>
        <UsageCount Value="8"/>
      </Unit6>
      <Unit7>
        <Filename Value="../XMLFrames/fonctions/fonctions_ObjetsXML.pas"/>
        <UnitName Value="fonctions_ObjetsXML"/>
        <TopLine Value="2213"/>
        <CursorPos X="37" Y="2241"/>
        <UsageCount Value="70"/>
      </Unit7>
      <Unit8>
        <Filename Value="../XMLFrames/forms/U_XMLFenetrePrincipale.pas"/>
        <ComponentName Value="F_FenetrePrincipale"/>
        <HasResources Value="True"/>
        <ResourceBaseClass Value="Form"/>
        <UnitName Value="U_XMLFenetrePrincipale"/>
        <TopLine Value="220"/>
        <CursorPos X="144" Y="230"/>
        <UsageCount Value="67"/>
      </Unit8>
      <Unit9>
        <Filename Value="../../../../../usr/lib/lazarus/0.9.28.2/lcl/xmlpropstorage.pas"/>
        <UnitName Value="XMLPropStorage"/>
        <TopLine Value="18"/>
        <CursorPos X="70" Y="28"/>
        <UsageCount Value="8"/>
      </Unit9>
      <Unit10>
        <Filename Value="../ManFrames/forms/U_Acces.pas"/>
        <ComponentName Value="F_Acces"/>
        <HasResources Value="True"/>
        <ResourceBaseClass Value="Form"/>
        <UnitName Value="U_Acces"/>
        <TopLine Value="239"/>
        <CursorPos X="44" Y="245"/>
        <UsageCount Value="9"/>
      </Unit10>
      <Unit11>
        <Filename Value="../ManFrames/composants/U_FormMainIni.pas"/>
        <ComponentName Value="F_FormMainIni"/>
        <HasResources Value="True"/>
        <ResourceBaseClass Value="Form"/>
        <UnitName Value="U_FormMainIni"/>
        <TopLine Value="1418"/>
        <CursorPos X="21" Y="1426"/>
        <UsageCount Value="6"/>
      </Unit11>
      <Unit12>
        <Filename Value="../ManFrames/lazmansoft.lpk"/>
        <TopLine Value="1"/>
        <CursorPos X="1" Y="1"/>
        <UsageCount Value="5"/>
        <DefaultSyntaxHighlighter Value="XML"/>
      </Unit12>
      <Unit13>
        <Filename Value="../Extended/fonctions/fonctions_init.pas"/>
        <UnitName Value="fonctions_init"/>
        <TopLine Value="590"/>
        <CursorPos X="3" Y="595"/>
        <UsageCount Value="31"/>
      </Unit13>
      <Unit14>
        <Filename Value="../Alcinoe/source/ALXmlDoc.pas"/>
        <UnitName Value="ALXmlDoc"/>
        <TopLine Value="3652"/>
        <CursorPos X="1" Y="3671"/>
        <UsageCount Value="17"/>
      </Unit14>
      <Unit15>
        <Filename Value="../Alcinoe/source/ALFcnString.pas"/>
        <UnitName Value="ALFcnString"/>
        <TopLine Value="968"/>
        <CursorPos X="1" Y="1035"/>
        <UsageCount Value="14"/>
      </Unit15>
      <Unit16>
        <Filename Value="../Alcinoe/source/ALHttpCommon.pas"/>
        <UnitName Value="ALHttpCommon"/>
        <TopLine Value="1095"/>
        <CursorPos X="6" Y="1126"/>
        <UsageCount Value="6"/>
      </Unit16>
      <Unit17>
        <Filename Value="../Alcinoe/source/ALFcnRFC.pas"/>
        <UnitName Value="ALFcnRFC"/>
        <TopLine Value="227"/>
        <CursorPos X="84" Y="251"/>
        <UsageCount Value="6"/>
      </Unit17>
      <Unit18>
        <Filename Value="../Alcinoe/source/ALFcnMisc.pas"/>
        <UnitName Value="ALFcnMisc"/>
        <TopLine Value="171"/>
        <CursorPos X="18" Y="193"/>
        <UsageCount Value="6"/>
      </Unit18>
      <Unit19>
        <Filename Value="../../../../../usr/share/fpcsrc/2.2.4/packages/fcl-web/src/fphttp.pp"/>
        <UnitName Value="fphttp"/>
        <TopLine Value="25"/>
        <CursorPos X="45" Y="89"/>
        <UsageCount Value="6"/>
      </Unit19>
      <Unit20>
        <Filename Value="../../../../../usr/lib/lazarus/0.9.28.2/components/turbopower_ipro/iputils.pas"/>
        <UnitName Value="IpUtils"/>
        <TopLine Value="2680"/>
        <CursorPos X="1" Y="2685"/>
        <UsageCount Value="5"/>
      </Unit20>
      <Unit21>
        <Filename Value="../../../../../usr/lib/lazarus/0.9.28.2/components/turbopower_ipro/ipdefine.inc"/>
        <TopLine Value="1"/>
        <CursorPos X="48" Y="3"/>
        <UsageCount Value="5"/>
      </Unit21>
      <Unit22>
        <Filename Value="../../../../../usr/lib/lazarus/0.9.28.2/components/fpweb/demo/fptemplate/fileupload/cgi/webmodule.pas"/>
        <ComponentName Value="FPWebModule1"/>
        <HasResources Value="True"/>
        <ResourceBaseClass Value="DataModule"/>
        <UnitName Value="webmodule"/>
        <TopLine Value="144"/>
        <CursorPos X="96" Y="184"/>
        <UsageCount Value="5"/>
      </Unit22>
      <Unit23>
        <Filename Value="../XMLFrames/classes/U_AbstractSQLConvert.pas"/>
        <UnitName Value="U_AbstractSQLConvert"/>
        <TopLine Value="1"/>
        <CursorPos X="65" Y="17"/>
        <UsageCount Value="5"/>
      </Unit23>
      <Unit24>
        <Filename Value="../ManFrames/composants/U_GroupView.pas"/>
        <UnitName Value="U_GroupView"/>
        <TopLine Value="22"/>
        <CursorPos X="25" Y="41"/>
        <UsageCount Value="11"/>
      </Unit24>
      <Unit25>
        <Filename Value="../ManFrames/composants/U_GroupView.lrs"/>
        <TopLine Value="1"/>
        <CursorPos X="1" Y="1"/>
        <UsageCount Value="5"/>
      </Unit25>
      <Unit26>
        <Filename Value="../ManFrames/composants/U_RegisterGroupView.pas"/>
        <UnitName Value="U_RegisterGroupView"/>
        <TopLine Value="1"/>
        <CursorPos X="69" Y="10"/>
        <UsageCount Value="8"/>
      </Unit26>
      <Unit27>
        <Filename Value="../Extended/composants/U_RegisterListView.pas"/>
        <UnitName Value="U_RegisterListView"/>
        <TopLine Value="28"/>
        <CursorPos X="1" Y="65"/>
        <UsageCount Value="5"/>
      </Unit27>
      <Unit28>
        <Filename Value="../Extended/composants/U_DBListView.pas"/>
        <UnitName Value="U_DBListView"/>
        <TopLine Value="1"/>
        <CursorPos X="8" Y="29"/>
        <UsageCount Value="5"/>
      </Unit28>
      <Unit29>
        <Filename Value="../Extended/forms/u_zconnection.pas"/>
        <ComponentName Value="F_ZConnectionWindow"/>
        <HasResources Value="True"/>
        <ResourceBaseClass Value="Form"/>
        <UnitName Value="u_zconnection"/>
        <TopLine Value="188"/>
        <CursorPos X="29" Y="207"/>
        <UsageCount Value="8"/>
      </Unit29>
      <Unit30>
        <Filename Value="../Extended/composants/U_ExtDBNavigator.lrs"/>
        <TopLine Value="1"/>
        <CursorPos X="17" Y="1"/>
        <UsageCount Value="5"/>
      </Unit30>
      <Unit31>
        <Filename Value="../Extended/composants/U_RegisterExtDBNav.pas"/>
        <UnitName Value="U_RegisterExtDBNav"/>
        <TopLine Value="1"/>
        <CursorPos X="14" Y="17"/>
        <UsageCount Value="5"/>
      </Unit31>
      <Unit32>
        <Filename Value="../Extended/composants/U_ExtDBNavigator2.res"/>
        <TopLine Value="1"/>
        <CursorPos X="1" Y="1"/>
        <UsageCount Value="5"/>
        <DefaultSyntaxHighlighter Value="None"/>
      </Unit32>
      <Unit33>
        <Filename Value="../Extended/composants/PCheck.pas"/>
        <UnitName Value="PCheck"/>
        <TopLine Value="223"/>
        <CursorPos X="67" Y="235"/>
        <UsageCount Value="5"/>
      </Unit33>
      <Unit34>
        <Filename Value="../ZEOSDBO/src/component/ZAbstractRODataset.pas"/>
        <UnitName Value="ZAbstractRODataset"/>
        <TopLine Value="738"/>
        <CursorPos X="1" Y="758"/>
        <UsageCount Value="8"/>
      </Unit34>
      <Unit35>
        <Filename Value="../Alcinoe/source/ALFcnUnicode.pas"/>
        <UnitName Value="ALFcnUnicode"/>
        <TopLine Value="97"/>
        <CursorPos X="80" Y="113"/>
        <UsageCount Value="8"/>
      </Unit35>
      <Unit36>
        <Filename Value="../c Alcinoe/source/ALFcnUnicode.pas"/>
        <UnitName Value="ALFcnUnicode"/>
        <TopLine Value="292"/>
        <CursorPos X="12" Y="312"/>
        <UsageCount Value="6"/>
      </Unit36>
      <Unit37>
        <Filename Value="../../../../../lazarus/fpc/2.2.4/source/packages/fcl-db/src/dbase/dbf_wtil.pas"/>
        <UnitName Value="dbf_wtil"/>
        <TopLine Value="238"/>
        <CursorPos X="1" Y="258"/>
        <UsageCount Value="5"/>
      </Unit37>
      <Unit38>
        <Filename Value="../Alcinoe/xmldocument.lpk"/>
        <TopLine Value="25"/>
        <CursorPos X="27" Y="47"/>
        <UsageCount Value="5"/>
        <DefaultSyntaxHighlighter Value="XML"/>
      </Unit38>
      <Unit39>
        <Filename Value="../Alcinoe/xmldocument.pas"/>
        <UnitName Value="xmldocument"/>
        <TopLine Value="1"/>
        <CursorPos X="1" Y="1"/>
        <UsageCount Value="7"/>
      </Unit39>
      <Unit40>
        <Filename Value="../XMLFrames/xmlcomponents.lpk"/>
        <TopLine Value="1"/>
        <CursorPos X="1" Y="1"/>
        <UsageCount Value="7"/>
        <DefaultSyntaxHighlighter Value="XML"/>
      </Unit40>
      <Unit41>
        <Filename Value="../XMLFrames/lazxmlframes.lpk"/>
        <TopLine Value="58"/>
        <CursorPos X="1" Y="87"/>
        <UsageCount Value="5"/>
        <DefaultSyntaxHighlighter Value="XML"/>
      </Unit41>
      <Unit42>
        <Filename Value="../Extended/fonctions/fonctions_version.pas"/>
        <UnitName Value="fonctions_version"/>
        <TopLine Value="18"/>
        <CursorPos X="6" Y="38"/>
        <UsageCount Value="10"/>
      </Unit42>
      <Unit43>
        <Filename Value="../Extended/composants/U_FormMainIni.pas"/>
        <ComponentName Value="F_FormMainIni"/>
        <HasResources Value="True"/>
        <ResourceBaseClass Value="Form"/>
        <UnitName Value="U_FormMainIni"/>
        <TopLine Value="309"/>
        <CursorPos X="31" Y="324"/>
        <UsageCount Value="64"/>
      </Unit43>
      <Unit44>
        <Filename Value="../ManFrames/forms/U_FenetrePrincipale.pas"/>
        <ComponentName Value="F_FenetrePrincipale"/>
        <HasResources Value="True"/>
        <ResourceBaseClass Value="Form"/>
        <UnitName Value="U_FenetrePrincipale"/>
        <TopLine Value="291"/>
        <CursorPos X="29" Y="311"/>
        <UsageCount Value="14"/>
      </Unit44>
      <Unit45>
        <Filename Value="../Alcinoe/source/ALFcnHTML.pas"/>
        <UnitName Value="ALFcnHTML"/>
        <TopLine Value="1"/>
        <CursorPos X="1" Y="1"/>
        <UsageCount Value="8"/>
      </Unit45>
      <Unit46>
        <Filename Value="../../FreeLogy/Components/fdtreeview/dfdtreeview.bdsproj"/>
        <TopLine Value="1"/>
        <CursorPos X="1" Y="1"/>
        <UsageCount Value="5"/>
        <DefaultSyntaxHighlighter Value="None"/>
      </Unit46>
      <Unit47>
        <Filename Value="../ExtToolbar/Source/extdock.pas"/>
        <UnitName Value="extdock"/>
        <TopLine Value="2206"/>
        <CursorPos X="1" Y="2225"/>
        <UsageCount Value="31"/>
      </Unit47>
      <Unit48>
        <Filename Value="../Extended/composants/u_regextcolorcombos.pas"/>
        <UnitName Value="u_regextcolorcombos"/>
        <TopLine Value="10"/>
        <CursorPos X="47" Y="42"/>
        <UsageCount Value="5"/>
      </Unit48>
      <Unit49>
        <Filename Value="../Extended/composants/u_regextnumedits.pas"/>
        <UnitName Value="u_regextnumedits"/>
        <TopLine Value="11"/>
        <CursorPos X="47" Y="42"/>
        <UsageCount Value="5"/>
      </Unit49>
      <Unit50>
        <Filename Value="../Extended/composants/u_regframeworkcomponents.pas"/>
        <UnitName Value="u_regframeworkcomponents"/>
        <TopLine Value="20"/>
        <CursorPos X="54" Y="30"/>
        <UsageCount Value="9"/>
      </Unit50>
      <Unit51>
        <Filename Value="../Extended/composants/u_regfwbuttons.pas"/>
        <UnitName Value="u_regfwbuttons"/>
        <TopLine Value="5"/>
        <CursorPos X="82" Y="41"/>
        <UsageCount Value="6"/>
      </Unit51>
      <Unit52>
        <Filename Value="../Extended/composants/U_RegImageComponents.pas"/>
        <UnitName Value="U_RegImageComponents"/>
        <TopLine Value="1"/>
        <CursorPos X="1" Y="23"/>
        <UsageCount Value="5"/>
      </Unit52>
      <Unit53>
        <Filename Value="../Extended/composants/U_RegisterAppIni.pas"/>
        <UnitName Value="U_RegisterAppIni"/>
        <TopLine Value="1"/>
        <CursorPos X="1" Y="1"/>
        <UsageCount Value="6"/>
      </Unit53>
      <Unit54>
        <Filename Value="../Extended/composants/u_regonforminfoini.pas"/>
        <UnitName Value="u_regonforminfoini"/>
        <TopLine Value="13"/>
        <CursorPos X="1" Y="50"/>
        <UsageCount Value="5"/>
      </Unit54>
      <Unit55>
        <Filename Value="../ManFrames/fonctions/fonctions_Objets_Dynamiques.pas"/>
        <UnitName Value="fonctions_Objets_Dynamiques"/>
        <TopLine Value="201"/>
        <CursorPos X="50" Y="201"/>
        <UsageCount Value="34"/>
      </Unit55>
      <Unit56>
        <Filename Value="../Extended/composants/U_ExtDBImage.pas"/>
        <UnitName Value="U_ExtDBImage"/>
        <TopLine Value="96"/>
        <CursorPos X="23" Y="108"/>
        <UsageCount Value="10"/>
      </Unit56>
      <Unit57>
        <Filename Value="../Extended/extends.inc"/>
        <TopLine Value="1"/>
        <CursorPos X="20" Y="4"/>
        <UsageCount Value="9"/>
      </Unit57>
      <Unit58>
        <Filename Value="../Extended/fonctions/fonctions_db.pas"/>
        <UnitName Value="fonctions_db"/>
        <TopLine Value="1"/>
        <CursorPos X="72" Y="11"/>
        <UsageCount Value="9"/>
      </Unit58>
      <Unit59>
        <Filename Value="../Extended/fonctions/fonctions_string.pas"/>
        <UnitName Value="fonctions_string"/>
        <TopLine Value="694"/>
        <CursorPos X="3" Y="696"/>
        <UsageCount Value="15"/>
      </Unit59>
      <Unit60>
        <Filename Value="../XMLFrames/composants/u_xmlform.pas"/>
        <UnitName Value="u_xmlform"/>
        <TopLine Value="1083"/>
        <CursorPos X="25" Y="1093"/>
        <UsageCount Value="49"/>
      </Unit60>
      <Unit61>
        <Filename Value="../XMLFrames/fonctions/fonctions_autocomponents.pas"/>
        <UnitName Value="fonctions_autocomponents"/>
        <TopLine Value="377"/>
        <CursorPos X="1" Y="392"/>
        <UsageCount Value="46"/>
      </Unit61>
      <Unit62>
        <Filename Value="../weo/weo.dpr"/>
        <UnitName Value="weo"/>
        <TopLine Value="28"/>
        <CursorPos X="1" Y="58"/>
        <UsageCount Value="6"/>
      </Unit62>
      <Unit63>
        <Filename Value="../ManFrames/fonctions/unite_variables.pas"/>
        <UnitName Value="unite_variables"/>
        <TopLine Value="110"/>
        <CursorPos X="1" Y="132"/>
        <UsageCount Value="15"/>
      </Unit63>
      <Unit64>
        <Filename Value="../ZEOSDBO/src/dbc/ZDbcIntfs.pas"/>
        <UnitName Value="ZDbcIntfs"/>
        <TopLine Value="950"/>
        <CursorPos X="26" Y="955"/>
        <UsageCount Value="9"/>
      </Unit64>
      <Unit65>
        <Filename Value="../ManFrames/composants/u_formdico.pas"/>
        <ComponentName Value="F_FormFrameWork"/>
        <HasResources Value="True"/>
        <ResourceBaseClass Value="Form"/>
        <UnitName Value="u_formdico"/>
        <TopLine Value="540"/>
        <CursorPos X="119" Y="559"/>
        <UsageCount Value="10"/>
      </Unit65>
      <Unit66>
        <Filename Value="../ManFrames/forms/U_Administration.pas"/>
        <ComponentName Value="F_Administration"/>
        <HasResources Value="True"/>
        <ResourceBaseClass Value="Form"/>
        <UnitName Value="U_Administration"/>
        <TopLine Value="2130"/>
        <CursorPos X="23" Y="2149"/>
        <UsageCount Value="9"/>
      </Unit66>
      <Unit67>
        <Filename Value="../Extended/composants/u_framework_components.pas"/>
        <UnitName Value="u_framework_components"/>
        <TopLine Value="25"/>
        <CursorPos X="68" Y="42"/>
        <UsageCount Value="6"/>
      </Unit67>
      <Unit68>
        <Filename Value="../Extended/composants/u_framework_dbcomponents.pas"/>
        <UnitName Value="u_framework_dbcomponents"/>
        <TopLine Value="433"/>
        <CursorPos X="1" Y="459"/>
        <UsageCount Value="6"/>
      </Unit68>
      <Unit69>
        <Filename Value="../../../../../../../usr/lib/lazarus/0.9.28.2/lcl/stdctrls.pp"/>
        <UnitName Value="StdCtrls"/>
        <TopLine Value="1382"/>
        <CursorPos X="14" Y="1407"/>
        <UsageCount Value="7"/>
      </Unit69>
      <Unit70>
        <Filename Value="../ManFrames/composants/U_RegisterIni.pas"/>
        <UnitName Value="U_RegisterIni"/>
        <TopLine Value="1"/>
        <CursorPos X="24" Y="6"/>
        <UsageCount Value="7"/>
      </Unit70>
      <Unit71>
        <Filename Value="../Freelogy/Components/SuperFormExpert/CompSuperForm.pas"/>
        <ComponentName Value="SuperForm"/>
        <HasResources Value="True"/>
        <ResourceBaseClass Value="Form"/>
        <UnitName Value="CompSuperForm"/>
        <TopLine Value="59"/>
        <CursorPos X="1" Y="78"/>
        <UsageCount Value="23"/>
      </Unit71>
      <Unit72>
        <Filename Value="../ExtCopy/fonctions/fonctions_file.pas"/>
        <UnitName Value="fonctions_file"/>
        <TopLine Value="46"/>
        <CursorPos X="1" Y="65"/>
        <UsageCount Value="10"/>
      </Unit72>
      <Unit73>
        <Filename Value="../../../../../../../usr/lib/lazarus/0.9.28.2/lcl/include/wincontrol.inc"/>
        <TopLine Value="4902"/>
        <CursorPos X="1" Y="4921"/>
        <UsageCount Value="10"/>
      </Unit73>
      <Unit74>
        <Filename Value="../../../../../../../usr/lib/lazarus/0.9.28.2/lcl/include/control.inc"/>
        <TopLine Value="3236"/>
        <CursorPos X="1" Y="3255"/>
        <UsageCount Value="10"/>
      </Unit74>
      <Unit75>
        <Filename Value="../ManFrames/composants/u_customframework.pas"/>
        <UnitName Value="u_customframework"/>
        <TopLine Value="3511"/>
        <CursorPos X="1" Y="3530"/>
        <UsageCount Value="25"/>
      </Unit75>
      <Unit76>
        <Filename Value="../../../../../../../usr/lib/lazarus/0.9.28.2/lcl/include/scrollingwincontrol.inc"/>
        <TopLine Value="235"/>
        <CursorPos X="1" Y="271"/>
        <UsageCount Value="8"/>
      </Unit76>
      <Unit77>
        <Filename Value="../../../../../../../usr/lib/lazarus/0.9.28.2/lcl/lclproc.pas"/>
        <UnitName Value="LCLProc"/>
        <TopLine Value="1486"/>
        <CursorPos X="69" Y="1511"/>
        <UsageCount Value="13"/>
      </Unit77>
      <Unit78>
        <Filename Value="../ExtToolbar/Source/exttbtlwn.pas"/>
        <UnitName Value="exttbtlwn"/>
        <TopLine Value="41"/>
        <CursorPos X="77" Y="46"/>
        <UsageCount Value="8"/>
      </Unit78>
      <Unit79>
        <Filename Value="../ExtToolbar/Source/exttbtls.pas"/>
        <UnitName Value="exttbtls"/>
        <TopLine Value="49"/>
        <CursorPos X="100" Y="79"/>
        <UsageCount Value="11"/>
      </Unit79>
      <Unit80>
        <Filename Value="../ExtToolbar/Source/exttbtlbr.pas"/>
        <UnitName Value="exttbtlbr"/>
        <TopLine Value="160"/>
        <CursorPos X="26" Y="183"/>
        <UsageCount Value="14"/>
      </Unit80>
      <Unit81>
        <Filename Value="../ExtToolbar/Source/exttbcnst.pas"/>
        <UnitName Value="exttbcnst"/>
        <TopLine Value="1"/>
        <CursorPos X="1" Y="1"/>
        <UsageCount Value="8"/>
      </Unit81>
      <Unit82>
        <Filename Value="../../../../../../../usr/lib/lazarus/0.9.28.2/lcl/lmessages.pp"/>
        <UnitName Value="LMessages"/>
        <TopLine Value="502"/>
        <CursorPos X="25" Y="527"/>
        <UsageCount Value="7"/>
      </Unit82>
      <Unit83>
        <Filename Value="../../../../../../../usr/lib/lazarus/0.9.28.2/lcl/extctrls.pp"/>
        <UnitName Value="ExtCtrls"/>
        <TopLine Value="148"/>
        <CursorPos X="24" Y="188"/>
        <UsageCount Value="7"/>
      </Unit83>
      <Unit84>
        <Filename Value="../../../../../../../usr/lib/lazarus/0.9.28.2/lcl/include/custompage.inc"/>
        <TopLine Value="85"/>
        <CursorPos X="20" Y="95"/>
        <UsageCount Value="7"/>
      </Unit84>
      <Unit85>
        <Filename Value="../../../../../../../usr/lib/lazarus/0.9.28.2/lcl/controls.pp"/>
        <UnitName Value="Controls"/>
        <TopLine Value="102"/>
        <CursorPos X="3" Y="121"/>
        <UsageCount Value="16"/>
      </Unit85>
      <Unit86>
        <Filename Value="../../../../../../../usr/lib/lazarus/0.9.28.2/lcl/lcltype.pp"/>
        <UnitName Value="LCLType"/>
        <TopLine Value="622"/>
        <CursorPos X="7" Y="641"/>
        <UsageCount Value="7"/>
      </Unit86>
      <Unit87>
        <Filename Value="../../../../../../../usr/lib/lazarus/0.9.28.2/lcl/include/customcontrol.inc"/>
        <TopLine Value="43"/>
        <CursorPos X="1" Y="62"/>
        <UsageCount Value="8"/>
      </Unit87>
      <Unit88>
        <Filename Value="../ManFrames/forms protegees/U_FenetrePrincipale.pas"/>
        <ComponentName Value="F_FenetrePrincipale"/>
        <HasResources Value="True"/>
        <ResourceBaseClass Value="Form"/>
        <UnitName Value="U_FenetrePrincipale"/>
        <TopLine Value="889"/>
        <CursorPos X="23" Y="921"/>
        <UsageCount Value="10"/>
      </Unit88>
      <Unit89>
        <Filename Value="../ManFrames/forms protegees/U_FenetrePrincipale.lfm"/>
        <TopLine Value="985"/>
        <CursorPos X="22" Y="7"/>
        <UsageCount Value="6"/>
        <DefaultSyntaxHighlighter Value="LFM"/>
      </Unit89>
      <Unit90>
        <Filename Value="../XMLFrames/forms/U_XMLFenetrePrincipale.lfm"/>
        <TopLine Value="232"/>
        <CursorPos X="1" Y="266"/>
        <UsageCount Value="8"/>
        <DefaultSyntaxHighlighter Value="LFM"/>
      </Unit90>
      <Unit91>
        <Filename Value="../XMLFrames/fonctions/u_languagevars.pas"/>
        <UnitName Value="u_languagevars"/>
        <TopLine Value="1"/>
        <CursorPos X="6" Y="1"/>
        <UsageCount Value="10"/>
      </Unit91>
      <Unit92>
        <Filename Value="../Extended/fonctions/fonctions_images.pas"/>
        <UnitName Value="fonctions_images"/>
        <TopLine Value="301"/>
        <CursorPos X="1" Y="329"/>
        <UsageCount Value="10"/>
      </Unit92>
      <Unit93>
        <Filename Value="../Imaging/Source/Imaging.pas"/>
        <UnitName Value="Imaging"/>
        <TopLine Value="831"/>
        <CursorPos X="10" Y="831"/>
        <UsageCount Value="8"/>
      </Unit93>
      <Unit94>
        <Filename Value="../../../../../../../usr/share/fpcsrc/2.4.0/rtl/objpas/sysutils/filutilh.inc"/>
        <TopLine Value="31"/>
        <CursorPos X="3" Y="53"/>
        <UsageCount Value="7"/>
      </Unit94>
      <Unit95>
        <Filename Value="../../Lazarus/composants/jvXP/JvXPBar.pas"/>
        <UnitName Value="JvXPBar"/>
        <TopLine Value="1976"/>
        <CursorPos X="26" Y="1995"/>
        <UsageCount Value="8"/>
      </Unit95>
      <Unit96>
        <Filename Value="../ManFrames/forms/U_FenetrePrincipale.lrs"/>
        <TopLine Value="1"/>
        <CursorPos X="1" Y="1"/>
        <UsageCount Value="7"/>
      </Unit96>
      <Unit97>
        <Filename Value="../ManFrames/forms/U_FenetrePrincipale.lfm"/>
        <TopLine Value="1"/>
        <CursorPos X="7" Y="1"/>
        <UsageCount Value="7"/>
        <DefaultSyntaxHighlighter Value="LFM"/>
      </Unit97>
      <Unit98>
        <Filename Value="../ManFrames/fonctions/fonctions_Objets_Data.pas"/>
        <UnitName Value="fonctions_Objets_Data"/>
        <TopLine Value="1853"/>
        <CursorPos X="5" Y="1875"/>
        <UsageCount Value="19"/>
      </Unit98>
      <Unit99>
        <Filename Value="../../../../../../../usr/lib/lazarus/0.9.28.2/lcl/forms.pp"/>
        <UnitName Value="Forms"/>
        <TopLine Value="567"/>
        <CursorPos X="29" Y="586"/>
        <UsageCount Value="8"/>
      </Unit99>
      <Unit100>
        <Filename Value="../../../../../../../usr/lib/lazarus/0.9.28.2/lcl/include/customform.inc"/>
        <TopLine Value="1038"/>
        <CursorPos X="1" Y="1057"/>
        <UsageCount Value="8"/>
      </Unit100>
      <Unit101>
        <Filename Value="../../../../../../../usr/lib/lazarus/0.9.28.2/lcl/include/winapi.inc"/>
        <TopLine Value="1136"/>
        <CursorPos X="1" Y="1155"/>
        <UsageCount Value="7"/>
      </Unit101>
      <Unit102>
        <Filename Value="../Extended/composants/u_buttons_appli.pas"/>
        <UnitName Value="u_buttons_appli"/>
        <TopLine Value="241"/>
        <CursorPos X="89" Y="261"/>
        <UsageCount Value="10"/>
      </Unit102>
      <Unit103>
        <Filename Value="../Extended/fonctions/unite_messages.pas"/>
        <UnitName Value="unite_messages"/>
        <TopLine Value="39"/>
        <CursorPos X="39" Y="46"/>
        <UsageCount Value="12"/>
      </Unit103>
      <Unit104>
        <Filename Value="../Extended/composants/U_OnFormInfoIni.pas"/>
        <UnitName Value="U_OnFormInfoIni"/>
        <TopLine Value="641"/>
        <CursorPos X="99" Y="665"/>
        <UsageCount Value="9"/>
      </Unit104>
      <Unit105>
        <Filename Value="../../../../../../../usr/lib/lazarus/0.9.28.2/lcl/include/application.inc"/>
        <TopLine Value="1941"/>
        <CursorPos X="1" Y="1960"/>
        <UsageCount Value="15"/>
      </Unit105>
      <Unit106>
        <Filename Value="../../../../../../../usr/lib/lazarus/0.9.28.2/components/turbopower_ipro/iputils.pas"/>
        <UnitName Value="IpUtils"/>
        <TopLine Value="276"/>
        <CursorPos X="21" Y="295"/>
        <UsageCount Value="8"/>
      </Unit106>
      <Unit107>
        <Filename Value="../ManFrames/forms/U_Administration.lfm"/>
        <TopLine Value="83"/>
        <CursorPos X="36" Y="104"/>
        <UsageCount Value="8"/>
        <DefaultSyntaxHighlighter Value="LFM"/>
      </Unit107>
      <Unit108>
        <Filename Value="../Extended/fonctions/fonctions_dbcomponents.pas"/>
        <UnitName Value="fonctions_dbcomponents"/>
        <TopLine Value="52"/>
        <CursorPos X="28" Y="60"/>
        <UsageCount Value="8"/>
      </Unit108>
      <Unit109>
        <Filename Value="../Extended/fonctions/fonctions_proprietes.pas"/>
        <UnitName Value="fonctions_proprietes"/>
        <TopLine Value="124"/>
        <CursorPos X="123" Y="152"/>
        <UsageCount Value="10"/>
      </Unit109>
      <Unit110>
        <Filename Value="../../../../../../../usr/lib/lazarus/0.9.28.2/lcl/lclmessageglue.pas"/>
        <UnitName Value="LCLMessageGlue"/>
        <TopLine Value="102"/>
        <CursorPos X="1" Y="121"/>
        <UsageCount Value="8"/>
      </Unit110>
      <Unit111>
        <Filename Value="../../Lazarus/composants/lazrichview/rvlazintf.pas"/>
        <UnitName Value="rvlazintf"/>
        <TopLine Value="76"/>
        <CursorPos X="63" Y="116"/>
        <UsageCount Value="8"/>
      </Unit111>
      <Unit112>
        <Filename Value="../../../../../../../usr/lib/lazarus/0.9.28.3/lcl/include/application.inc"/>
        <TopLine Value="1253"/>
        <CursorPos X="85" Y="1273"/>
        <UsageCount Value="9"/>
      </Unit112>
      <Unit113>
        <Filename Value="../../../../../../../usr/lib/lazarus/0.9.28.3/lcl/lclproc.pas"/>
        <UnitName Value="LCLProc"/>
        <TopLine Value="1485"/>
        <CursorPos X="1" Y="1504"/>
        <UsageCount Value="8"/>
      </Unit113>
      <Unit114>
        <Filename Value="../../../../../../../usr/lib/lazarus/0.9.28.3/lcl/include/customform.inc"/>
        <TopLine Value="2241"/>
        <CursorPos X="1" Y="2260"/>
        <UsageCount Value="8"/>
      </Unit114>
      <Unit115>
        <Filename Value="../../../../../../../usr/lib/lazarus/0.9.28.3/lcl/grids.pas"/>
        <UnitName Value="Grids"/>
        <TopLine Value="9787"/>
        <CursorPos X="1" Y="9806"/>
        <UsageCount Value="8"/>
      </Unit115>
      <Unit116>
        <Filename Value="../../../../../../../usr/lib/lazarus/0.9.28.3/lcl/include/control.inc"/>
        <TopLine Value="3460"/>
        <CursorPos X="29" Y="3498"/>
        <UsageCount Value="8"/>
      </Unit116>
      <Unit117>
        <Filename Value="../../../../../../../usr/lib/lazarus/0.9.28.3/lcl/include/wincontrol.inc"/>
        <TopLine Value="7292"/>
        <CursorPos X="3" Y="7308"/>
        <UsageCount Value="9"/>
      </Unit117>
      <Unit118>
        <Filename Value="../../../../../../../usr/lib/lazarus/0.9.28.3/lcl/controls.pp"/>
        <UnitName Value="Controls"/>
        <TopLine Value="1852"/>
        <CursorPos X="15" Y="1871"/>
        <UsageCount Value="8"/>
      </Unit118>
      <Unit119>
        <Filename Value="../Extended/fonctions/fonctions_languages.pas"/>
        <UnitName Value="fonctions_languages"/>
        <TopLine Value="1"/>
        <CursorPos X="1" Y="9"/>
        <UsageCount Value="10"/>
      </Unit119>
      <Unit120>
        <Filename Value="../../../../../../../usr/lib/lazarus/0.9.28.2/components/lazreport/source/lr_const.pas"/>
        <UnitName Value="LR_Const"/>
        <TopLine Value="1"/>
        <CursorPos X="1" Y="1"/>
        <UsageCount Value="9"/>
      </Unit120>
      <Unit121>
        <Filename Value="../../../../../../../usr/lib/lazarus/0.9.28.3/examples/groupbox.pp"/>
        <UnitName Value="GroupBox"/>
        <TopLine Value="162"/>
        <CursorPos X="47" Y="181"/>
        <UsageCount Value="9"/>
      </Unit121>
      <Unit122>
        <Filename Value="../../../../../../../usr/lib/lazarus/0.9.28.2/components/turbopower_ipro/ipconst.pas"/>
        <UnitName Value="IpConst"/>
        <TopLine Value="299"/>
        <CursorPos X="81" Y="303"/>
        <UsageCount Value="9"/>
      </Unit122>
      <Unit123>
        <Filename Value="../../../../../../../usr/lib/lazarus/0.9.28.3/ide/lazarusidestrconsts.pas"/>
        <UnitName Value="LazarusIDEStrConsts"/>
        <TopLine Value="144"/>
        <CursorPos X="3" Y="167"/>
        <UsageCount Value="9"/>
      </Unit123>
      <Unit124>
        <Filename Value="../../../../../../../usr/lib/lazarus/0.9.28.3/ideintf/objinspstrconsts.pas"/>
        <UnitName Value="ObjInspStrConsts"/>
        <TopLine Value="1"/>
        <CursorPos X="1" Y="1"/>
        <UsageCount Value="10"/>
      </Unit124>
      <Unit125>
        <Filename Value="../../../../../../../usr/lib/lazarus/0.9.28.3/lcl/lclintf.pas"/>
        <UnitName Value="lclintf"/>
        <TopLine Value="1"/>
        <CursorPos X="9" Y="286"/>
        <UsageCount Value="8"/>
      </Unit125>
      <Unit126>
        <Filename Value="../../../../../../../usr/lib/lazarus/0.9.28.2/lcl/editbtn.pas"/>
        <UnitName Value="EditBtn"/>
        <TopLine Value="916"/>
        <CursorPos X="42" Y="923"/>
        <UsageCount Value="8"/>
      </Unit126>
      <Unit127>
        <Filename Value="../../../../../../../usr/lib/lazarus/0.9.28.2/ideintf/objinspstrconsts.pas"/>
        <UnitName Value="ObjInspStrConsts"/>
        <TopLine Value="49"/>
        <CursorPos X="83" Y="77"/>
        <UsageCount Value="8"/>
      </Unit127>
      <Unit128>
        <Filename Value="../../../../../../../usr/lib/lazarus/0.9.28.2/lcl/include/menuitem.inc"/>
        <TopLine Value="250"/>
        <CursorPos X="1" Y="269"/>
        <UsageCount Value="8"/>
      </Unit128>
      <Unit129>
        <Filename Value="../../../../../../../usr/lib/lazarus/0.9.28.2/lcl/interfaces/gtk2/gtk2wsmenus.pp"/>
        <UnitName Value="Gtk2WSMenus"/>
        <TopLine Value="92"/>
        <CursorPos X="39" Y="108"/>
        <UsageCount Value="8"/>
      </Unit129>
      <Unit130>
        <Filename Value="../ZEOSDBO/src/dbc/ZDbcMySqlUtils.pas"/>
        <UnitName Value="ZDbcMySqlUtils"/>
        <TopLine Value="373"/>
        <CursorPos X="1" Y="392"/>
        <UsageCount Value="8"/>
      </Unit130>
      <Unit131>
        <Filename Value="../XMLFrames/forms/U_XMFenetrePrincipale.pas"/>
        <UnitName Value="U_XMLFenetrePrincipale"/>
        <TopLine Value="26"/>
        <CursorPos X="3" Y="46"/>
        <UsageCount Value="8"/>
      </Unit131>
      <Unit132>
        <Filename Value="../ExtCopy/composants/U_ExtFileCopy.pas"/>
        <UnitName Value="U_ExtFileCopy"/>
        <TopLine Value="435"/>
        <CursorPos X="14" Y="467"/>
        <UsageCount Value="10"/>
      </Unit132>
      <Unit133>
        <Filename Value="../dklang-pack/DKLang.pas"/>
        <UnitName Value="DKLang"/>
        <TopLine Value="2084"/>
        <CursorPos X="81" Y="2103"/>
        <UsageCount Value="9"/>
      </Unit133>
      <Unit134>
        <Filename Value="../../../../../../../usr/lib/lazarus/0.9.28.2/lcl/defaulttranslator.pas"/>
        <UnitName Value="DefaultTranslator"/>
        <TopLine Value="26"/>
        <CursorPos X="14" Y="45"/>
        <UsageCount Value="10"/>
      </Unit134>
      <Unit135>
        <Filename Value="../../../../../../../usr/lib/lazarus/0.9.28.3/ide/frames/desktop_options.pas"/>
        <HasResources Value="True"/>
        <UnitName Value="desktop_options"/>
        <TopLine Value="61"/>
        <CursorPos X="1" Y="1"/>
        <UsageCount Value="8"/>
      </Unit135>
      <Unit136>
        <Filename Value="../../../../../../../usr/lib/lazarus/0.9.28.3/ide/frames/desktop_options.lfm"/>
        <TopLine Value="1"/>
        <CursorPos X="1" Y="1"/>
        <UsageCount Value="8"/>
        <DefaultSyntaxHighlighter Value="LFM"/>
      </Unit136>
      <Unit137>
        <Filename Value="../../../../../../../usr/share/fpcsrc/2.4.0/packages/fcl-base/src/gettext.pp"/>
        <UnitName Value="gettext"/>
        <TopLine Value="267"/>
        <CursorPos X="3" Y="267"/>
        <UsageCount Value="11"/>
      </Unit137>
      <Unit138>
        <Filename Value="../../../../../../../usr/lib/lazarus/0.9.28.3/lcl/translations.pas"/>
        <UnitName Value="Translations"/>
        <TopLine Value="96"/>
        <CursorPos X="62" Y="96"/>
        <UsageCount Value="10"/>
      </Unit138>
      <Unit139>
        <Filename Value="../../../../../../../usr/share/fpcsrc/2.4.0/rtl/objpas/classes/classesh.inc"/>
        <TopLine Value="562"/>
        <CursorPos X="14" Y="581"/>
        <UsageCount Value="9"/>
      </Unit139>
      <Unit140>
        <Filename Value="../../../../../../../usr/lib/lazarus/0.9.28.3/tools/lazdatadesktop/frmmain.pp"/>
        <ComponentName Value="MainForm"/>
        <HasResources Value="True"/>
        <ResourceBaseClass Value="Form"/>
        <UnitName Value="frmmain"/>
        <TopLine Value="1576"/>
        <CursorPos X="1" Y="1598"/>
        <UsageCount Value="9"/>
      </Unit140>
      <Unit141>
        <Filename Value="../../../../../../../usr/lib/lazarus/0.9.28.2/lcl/translations.pas"/>
        <UnitName Value="Translations"/>
        <TopLine Value="386"/>
        <CursorPos X="23" Y="403"/>
        <UsageCount Value="9"/>
      </Unit141>
      <Unit142>
        <Filename Value="../../../../../../../usr/share/fpcsrc/2.4.0/rtl/objpas/objpas.pp"/>
        <UnitName Value="objpas"/>
        <TopLine Value="285"/>
        <CursorPos X="3" Y="292"/>
        <UsageCount Value="10"/>
      </Unit142>
      <Unit143>
        <Filename Value="../../../../../../../usr/lib/lazarus/0.9.28.2/lcl/include/font.inc"/>
        <TopLine Value="791"/>
        <CursorPos X="1" Y="810"/>
        <UsageCount Value="8"/>
      </Unit143>
      <Unit144>
        <Filename Value="../Extended/composants/U_ExtNumEdits.pas"/>
        <UnitName Value="U_ExtNumEdits"/>
        <TopLine Value="733"/>
        <CursorPos X="81" Y="752"/>
        <UsageCount Value="8"/>
      </Unit144>
      <Unit145>
        <Filename Value="../Extended/composants/u_extcomponent.pas"/>
        <UnitName Value="u_extcomponent"/>
        <TopLine Value="20"/>
        <CursorPos X="6" Y="33"/>
        <UsageCount Value="11"/>
      </Unit145>
      <Unit146>
        <Filename Value="../../../Extended/composants/U_OnFormInfoIni.pas"/>
        <UnitName Value="U_OnFormInfoIni"/>
        <EditorIndex Value="1"/>
        <WindowIndex Value="0"/>
        <TopLine Value="591"/>
        <CursorPos X="1" Y="609"/>
        <UsageCount Value="24"/>
        <Loaded Value="True"/>
      </Unit146>
      <Unit147>
        <Filename Value="/usr/lib/lazarus/0.9.30/lcl/interfaces/gtk2/gtk2lclintf.inc"/>
        <WindowIndex Value="0"/>
        <TopLine Value="783"/>
        <CursorPos X="87" Y="812"/>
        <UsageCount Value="9"/>
      </Unit147>
      <Unit148>
        <Filename Value="../../fonctions/fonctions_ObjetsXML.pas"/>
        <UnitName Value="fonctions_ObjetsXML"/>
        <EditorIndex Value="2"/>
        <WindowIndex Value="0"/>
        <TopLine Value="1929"/>
        <CursorPos X="15" Y="2006"/>
        <UsageCount Value="24"/>
        <Loaded Value="True"/>
      </Unit148>
      <Unit149>
        <Filename Value="../../composants/u_xmlform.pas"/>
        <UnitName Value="u_xmlform"/>
        <EditorIndex Value="4"/>
        <WindowIndex Value="0"/>
        <TopLine Value="1"/>
        <CursorPos X="1" Y="1"/>
        <UsageCount Value="24"/>
        <Loaded Value="True"/>
      </Unit149>
      <Unit150>
        <Filename Value="../../../Alcinoe/source/ALXmlDoc.pas"/>
        <UnitName Value="ALXmlDoc"/>
        <WindowIndex Value="0"/>
        <TopLine Value="3645"/>
        <CursorPos X="1" Y="3671"/>
        <UsageCount Value="14"/>
      </Unit150>
      <Unit151>
        <Filename Value="../../fonctions/fonctions_xml.pas"/>
        <UnitName Value="fonctions_xml"/>
        <EditorIndex Value="3"/>
        <WindowIndex Value="0"/>
        <TopLine Value="1"/>
        <CursorPos X="1" Y="1"/>
        <UsageCount Value="23"/>
        <Loaded Value="True"/>
      </Unit151>
      <Unit152>
        <Filename Value="../../forms/U_XMLFenetrePrincipale.pas"/>
        <UnitName Value="U_XMLFenetrePrincipale"/>
        <WindowIndex Value="0"/>
        <TopLine Value="444"/>
        <CursorPos X="10" Y="482"/>
        <UsageCount Value="11"/>
      </Unit152>
      <Unit153>
        <Filename Value="/usr/lib/lazarus/0.9.30/lcl/include/customform.inc"/>
        <WindowIndex Value="0"/>
        <TopLine Value="1867"/>
        <CursorPos X="1" Y="1891"/>
        <UsageCount Value="10"/>
      </Unit153>
      <Unit154>
        <Filename Value="/usr/lib/lazarus/0.9.30/lcl/interfaces/gtk2/gtk2wsforms.pp"/>
        <UnitName Value="Gtk2WSForms"/>
        <EditorIndex Value="9"/>
        <WindowIndex Value="0"/>
        <TopLine Value="116"/>
        <CursorPos X="37" Y="128"/>
        <UsageCount Value="14"/>
        <Loaded Value="True"/>
      </Unit154>
      <Unit155>
        <Filename Value="../../../Extended/composants/U_FormMainIni.pas"/>
        <UnitName Value="U_FormMainIni"/>
        <WindowIndex Value="0"/>
        <TopLine Value="1390"/>
        <CursorPos X="3" Y="1371"/>
        <UsageCount Value="10"/>
      </Unit155>
      <Unit156>
        <Filename Value="/usr/lib/lazarus/0.9.30/lcl/include/wincontrol.inc"/>
        <WindowIndex Value="0"/>
        <TopLine Value="7577"/>
        <CursorPos X="54" Y="7594"/>
        <UsageCount Value="9"/>
      </Unit156>
      <Unit157>
        <Filename Value="/usr/lib/lazarus/0.9.30/lcl/include/control.inc"/>
        <WindowIndex Value="0"/>
        <TopLine Value="1061"/>
        <CursorPos X="1" Y="1085"/>
        <UsageCount Value="8"/>
      </Unit157>
      <Unit158>
        <Filename Value="/usr/lib/lazarus/0.9.30/lcl/include/screen.inc"/>
        <WindowIndex Value="0"/>
        <TopLine Value="797"/>
        <CursorPos X="1" Y="823"/>
        <UsageCount Value="8"/>
      </Unit158>
      <Unit159>
        <Filename Value="/usr/lib/lazarus/0.9.30/lcl/lclmessageglue.pas"/>
        <UnitName Value="LCLMessageGlue"/>
        <WindowIndex Value="0"/>
        <TopLine Value="94"/>
        <CursorPos X="1" Y="121"/>
        <UsageCount Value="8"/>
      </Unit159>
      <Unit160>
        <Filename Value="/usr/lib/lazarus/0.9.30/lcl/interfaces/gtk2/gtk2proc.inc"/>
        <WindowIndex Value="0"/>
        <TopLine Value="3507"/>
        <CursorPos X="1" Y="3531"/>
        <UsageCount Value="8"/>
      </Unit160>
      <Unit161>
        <Filename Value="/usr/lib/lazarus/0.9.30/lcl/interfaces/gtk2/gtk2callback.inc"/>
        <WindowIndex Value="0"/>
        <TopLine Value="873"/>
        <CursorPos X="1" Y="897"/>
        <UsageCount Value="8"/>
      </Unit161>
      <Unit162>
        <Filename Value="/usr/lib/lazarus/0.9.30/lcl/interfaces/gtk2/gtk2widgetset.inc"/>
        <WindowIndex Value="0"/>
        <TopLine Value="2372"/>
        <CursorPos X="1" Y="2395"/>
        <UsageCount Value="8"/>
      </Unit162>
      <Unit163>
        <Filename Value="../../../ManFrames/composants/u_customframework.pas"/>
        <UnitName Value="u_customframework"/>
        <IsVisibleTab Value="True"/>
        <EditorIndex Value="7"/>
        <WindowIndex Value="0"/>
        <TopLine Value="6576"/>
        <CursorPos X="70" Y="6600"/>
        <UsageCount Value="22"/>
        <Loaded Value="True"/>
        <DefaultSyntaxHighlighter Value="Delphi"/>
      </Unit163>
      <Unit164>
        <Filename Value="../../../SuperFormExpert/CompSuperForm.pas"/>
        <UnitName Value="CompSuperForm"/>
        <WindowIndex Value="0"/>
        <TopLine Value="63"/>
        <CursorPos X="22" Y="86"/>
        <UsageCount Value="10"/>
      </Unit164>
      <Unit165>
        <Filename Value="/usr/lib/lazarus/0.9.30/lcl/forms.pp"/>
        <UnitName Value="Forms"/>
        <EditorIndex Value="13"/>
        <WindowIndex Value="0"/>
        <TopLine Value="551"/>
        <CursorPos X="17" Y="574"/>
        <UsageCount Value="22"/>
        <Loaded Value="True"/>
      </Unit165>
      <Unit166>
        <Filename Value="../../../ManFrames/fonctions/fonctions_Objets_Dynamiques.pas"/>
        <UnitName Value="fonctions_Objets_Dynamiques"/>
        <WindowIndex Value="0"/>
        <TopLine Value="722"/>
        <CursorPos X="1" Y="760"/>
        <UsageCount Value="21"/>
        <DefaultSyntaxHighlighter Value="Delphi"/>
      </Unit166>
      <Unit167>
        <Filename Value="../../fonctions/fonctions_autocomponents.pas"/>
        <UnitName Value="fonctions_autocomponents"/>
        <EditorIndex Value="5"/>
        <WindowIndex Value="0"/>
        <TopLine Value="193"/>
        <CursorPos X="1" Y="216"/>
        <UsageCount Value="17"/>
        <Loaded Value="True"/>
      </Unit167>
      <Unit168>
        <Filename Value="/usr/lib/lazarus/0.9.30/lcl/stdctrls.pp"/>
        <UnitName Value="StdCtrls"/>
        <WindowIndex Value="0"/>
        <TopLine Value="142"/>
        <CursorPos X="3" Y="165"/>
        <UsageCount Value="11"/>
      </Unit168>
      <Unit169>
        <Filename Value="/usr/lib/lazarus/0.9.30/lcl/dbctrls.pp"/>
        <UnitName Value="DbCtrls"/>
        <WindowIndex Value="0"/>
        <TopLine Value="1421"/>
        <CursorPos X="47" Y="1432"/>
        <UsageCount Value="9"/>
      </Unit169>
      <Unit170>
        <Filename Value="../../forms/u_multidonnees.pas"/>
        <UnitName Value="u_multidonnees"/>
        <WindowIndex Value="0"/>
        <TopLine Value="323"/>
        <CursorPos X="3" Y="350"/>
        <UsageCount Value="11"/>
      </Unit170>
      <Unit171>
        <Filename Value="../../../ManFrames/composants/u_formdico.pas"/>
        <UnitName Value="u_formdico"/>
        <EditorIndex Value="10"/>
        <WindowIndex Value="0"/>
        <TopLine Value="300"/>
        <CursorPos X="74" Y="338"/>
        <UsageCount Value="16"/>
        <Loaded Value="True"/>
        <DefaultSyntaxHighlighter Value="Delphi"/>
      </Unit171>
      <Unit172>
        <Filename Value="../../../ManFrames/composants/u_propform.pas"/>
        <UnitName Value="u_propform"/>
        <EditorIndex Value="11"/>
        <WindowIndex Value="0"/>
        <TopLine Value="613"/>
        <CursorPos X="74" Y="651"/>
        <UsageCount Value="16"/>
        <Loaded Value="True"/>
        <DefaultSyntaxHighlighter Value="Delphi"/>
      </Unit172>
      <Unit173>
        <Filename Value="../../../ManFrames/composants/U_RegisterFrameWork.pas"/>
        <UnitName Value="U_RegisterFrameWork"/>
        <EditorIndex Value="12"/>
        <WindowIndex Value="0"/>
        <TopLine Value="141"/>
        <CursorPos X="54" Y="178"/>
        <UsageCount Value="16"/>
        <Loaded Value="True"/>
        <DefaultSyntaxHighlighter Value="Delphi"/>
      </Unit173>
      <Unit174>
        <Filename Value="../../../THtmlPort/package/htmlcompreg.pas"/>
        <UnitName Value="HtmlCompReg"/>
        <WindowIndex Value="0"/>
        <TopLine Value="1"/>
        <CursorPos X="8" Y="7"/>
        <UsageCount Value="12"/>
        <DefaultSyntaxHighlighter Value="Delphi"/>
      </Unit174>
      <Unit175>
        <Filename Value="../../../Extended/composants/u_framework_dbcomponents.pas"/>
        <UnitName Value="u_framework_dbcomponents"/>
        <EditorIndex Value="6"/>
        <WindowIndex Value="0"/>
        <TopLine Value="1009"/>
        <CursorPos X="1" Y="1039"/>
        <UsageCount Value="11"/>
        <Loaded Value="True"/>
      </Unit175>
      <Unit176>
        <Filename Value="../../../Extended/fonctions/fonctions_proprietes.pas"/>
        <UnitName Value="fonctions_proprietes"/>
        <WindowIndex Value="0"/>
        <TopLine Value="117"/>
        <CursorPos X="1" Y="144"/>
        <UsageCount Value="10"/>
      </Unit176>
      <Unit177>
        <Filename Value="/usr/lib/lazarus/0.9.30/lcl/dbgrids.pas"/>
        <UnitName Value="DBGrids"/>
        <EditorIndex Value="8"/>
        <WindowIndex Value="0"/>
        <TopLine Value="1051"/>
        <CursorPos X="31" Y="1082"/>
        <UsageCount Value="11"/>
        <Loaded Value="True"/>
      </Unit177>
    </Units>
    <JumpHistory Count="29" HistoryIndex="28">
      <Position1>
        <Filename Value="../../../ManFrames/composants/u_customframework.pas"/>
        <Caret Line="933" Column="88" TopLine="895"/>
      </Position1>
      <Position2>
        <Filename Value="../../../ManFrames/composants/u_customframework.pas"/>
        <Caret Line="1894" Column="65" TopLine="1856"/>
      </Position2>
      <Position3>
        <Filename Value="../../composants/u_xmlform.pas"/>
        <Caret Line="451" Column="64" TopLine="448"/>
      </Position3>
      <Position4>
        <Filename Value="../../../ManFrames/composants/u_customframework.pas"/>
        <Caret Line="1923" Column="107" TopLine="1905"/>
      </Position4>
      <Position5>
        <Filename Value="../../../ManFrames/composants/u_customframework.pas"/>
        <Caret Line="1956" Column="73" TopLine="1918"/>
      </Position5>
      <Position6>
        <Filename Value="../../../ManFrames/composants/u_customframework.pas"/>
        <Caret Line="1966" Column="73" TopLine="1928"/>
      </Position6>
      <Position7>
        <Filename Value="../../../ManFrames/composants/u_customframework.pas"/>
        <Caret Line="1997" Column="47" TopLine="1990"/>
      </Position7>
      <Position8>
        <Filename Value="../../../ManFrames/composants/u_customframework.pas"/>
        <Caret Line="2028" Column="79" TopLine="1990"/>
      </Position8>
      <Position9>
        <Filename Value="../../../ManFrames/composants/u_customframework.pas"/>
        <Caret Line="2029" Column="122" TopLine="1991"/>
      </Position9>
      <Position10>
        <Filename Value="../../../ManFrames/composants/u_customframework.pas"/>
        <Caret Line="2698" Column="80" TopLine="2608"/>
      </Position10>
      <Position11>
        <Filename Value="../../../ManFrames/composants/u_customframework.pas"/>
        <Caret Line="2811" Column="90" TopLine="2773"/>
      </Position11>
      <Position12>
        <Filename Value="../../../ManFrames/composants/u_customframework.pas"/>
        <Caret Line="2932" Column="90" TopLine="2894"/>
      </Position12>
      <Position13>
        <Filename Value="../../../ManFrames/composants/u_customframework.pas"/>
        <Caret Line="2991" Column="92" TopLine="2953"/>
      </Position13>
      <Position14>
        <Filename Value="../../../ManFrames/composants/u_customframework.pas"/>
        <Caret Line="4431" Column="95" TopLine="4367"/>
      </Position14>
      <Position15>
        <Filename Value="../../../ManFrames/composants/u_customframework.pas"/>
        <Caret Line="5088" Column="78" TopLine="5050"/>
      </Position15>
      <Position16>
        <Filename Value="../../../ManFrames/composants/u_customframework.pas"/>
        <Caret Line="5089" Column="93" TopLine="5064"/>
      </Position16>
      <Position17>
        <Filename Value="../../../ManFrames/composants/u_customframework.pas"/>
        <Caret Line="5090" Column="87" TopLine="5064"/>
      </Position17>
      <Position18>
        <Filename Value="../../../ManFrames/composants/u_customframework.pas"/>
        <Caret Line="5093" Column="87" TopLine="5064"/>
      </Position18>
      <Position19>
        <Filename Value="../../../ManFrames/composants/u_customframework.pas"/>
        <Caret Line="5097" Column="117" TopLine="5064"/>
      </Position19>
      <Position20>
        <Filename Value="../../../ManFrames/composants/u_customframework.pas"/>
        <Caret Line="5098" Column="117" TopLine="5064"/>
      </Position20>
      <Position21>
        <Filename Value="../../../ManFrames/composants/u_customframework.pas"/>
        <Caret Line="5344" Column="126" TopLine="5306"/>
      </Position21>
      <Position22>
        <Filename Value="../../../ManFrames/composants/u_customframework.pas"/>
        <Caret Line="5360" Column="91" TopLine="5361"/>
      </Position22>
      <Position23>
        <Filename Value="../../../ManFrames/composants/u_customframework.pas"/>
        <Caret Line="5361" Column="106" TopLine="5338"/>
      </Position23>
      <Position24>
        <Filename Value="../../../ManFrames/composants/u_customframework.pas"/>
        <Caret Line="5362" Column="98" TopLine="5338"/>
      </Position24>
      <Position25>
        <Filename Value="../../../ManFrames/composants/u_customframework.pas"/>
        <Caret Line="6363" Column="56" TopLine="6325"/>
      </Position25>
      <Position26>
        <Filename Value="../../../ManFrames/composants/u_customframework.pas"/>
        <Caret Line="6588" Column="44" TopLine="6575"/>
      </Position26>
      <Position27>
        <Filename Value="../../../ManFrames/composants/u_customframework.pas"/>
        <Caret Line="1" Column="1" TopLine="1"/>
      </Position27>
      <Position28>
        <Filename Value="../../../ManFrames/composants/u_customframework.pas"/>
        <Caret Line="567" Column="45" TopLine="529"/>
      </Position28>
      <Position29>
        <Filename Value="../../../ManFrames/composants/u_customframework.pas"/>
        <Caret Line="2755" Column="53" TopLine="2639"/>
      </Position29>
    </JumpHistory>
  </ProjectOptions>
  <CompilerOptions>
    <Version Value="9"/>
    <SearchPaths>
      <IncludeFiles Value="$(ProjOutDir)"/>
      <UnitOutputDirectory Value="$(TargetCPU)-$(TargetOS)"/>
    </SearchPaths>
    <Parsing>
      <SyntaxOptions>
        <UseAnsiStrings Value="False"/>
      </SyntaxOptions>
    </Parsing>
    <CodeGeneration>
      <Optimizations>
        <OptimizationLevel Value="0"/>
      </Optimizations>
    </CodeGeneration>
    <Other>
      <CompilerPath Value="$(CompPath)"/>
    </Other>
  </CompilerOptions>
  <Debugging>
    <BreakPoints Count="9">
      <Item1>
        <Source Value="../Alcinoe/source/ALXMLDoc.pas"/>
        <Line Value="1513"/>
      </Item1>
      <Item2>
        <Source Value="../ExtToolbar/Source/exttbtls.pas"/>
        <Line Value="425"/>
      </Item2>
      <Item3>
        <Source Value="../ExtToolbar/Source/extdock.pas"/>
        <Line Value="213"/>
      </Item3>
      <Item4>
        <Source Value="../ExtToolbar/Source/extdock.pas"/>
        <Line Value="1799"/>
      </Item4>
      <Item5>
        <Source Value="../ExtToolbar/Source/extdock.pas"/>
        <Line Value="2219"/>
      </Item5>
      <Item6>
        <Source Value="../ExtToolbar/Source/extdock.pas"/>
        <Line Value="4590"/>
      </Item6>
      <Item7>
        <Source Value="../ExtToolbar/Source/extdock.pas"/>
        <Line Value="4693"/>
      </Item7>
      <Item8>
        <Source Value="../../../ManFrames/composants/u_customframework.pas"/>
        <Line Value="3419"/>
      </Item8>
      <Item9>
        <Source Value="../../../ManFrames/composants/u_customframework.pas"/>
        <Line Value="1204"/>
      </Item9>
    </BreakPoints>
    <Exceptions Count="3">
      <Item1>
        <Name Value="EAbort"/>
      </Item1>
      <Item2>
        <Name Value="ECodetoolError"/>
      </Item2>
      <Item3>
        <Name Value="EFOpenError"/>
      </Item3>
    </Exceptions>
  </Debugging>
</CONFIG>
