<?xml version="1.0"?>
<CONFIG>
  <ProjectOptions>
    <Version Value="9"/>
    <General>
      <MainUnit Value="0"/>
      <Title Value="hotel"/>
      <UseXPManifest Value="True"/>
      <Icon Value="0"/>
      <ActiveWindowIndexAtStart Value="0"/>
    </General>
    <i18n>
      <EnableI18N Value="True"/>
      <OutDir Value="properties"/>
    </i18n>
    <VersionInfo>
      <StringTable ProductVersion=""/>
    </VersionInfo>
    <BuildModes Count="1">
      <Item1 Name="default" Default="True"/>
    </BuildModes>
    <PublishOptions>
      <Version Value="2"/>
      <IgnoreBinaries Value="False"/>
      <IncludeFileFilter Value="*.(pas|pp|inc|lfm|lpr|lrs|lpi|lpk|sh|xml)"/>
      <ExcludeFileFilter Value="*.(bak|ppu|ppw|o|so);*~;backup"/>
    </PublishOptions>
    <RunParams>
      <local>
        <FormatVersion Value="1"/>
        <LaunchingApplication PathPlusParams="/usr/X11R6/bin/xterm -T 'Lazarus Run Output' -e $(LazarusDir)/tools/runwait.sh $(TargetCmdLine)"/>
      </local>
    </RunParams>
    <RequiredPackages Count="7">
      <Item1>
        <PackageName Value="JvXPBarLaz"/>
        <MinVersion Major="1" Release="2" Valid="True"/>
      </Item1>
      <Item2>
        <PackageName Value="lazxmlframes"/>
      </Item2>
      <Item3>
        <PackageName Value="lazmansoft"/>
      </Item3>
      <Item4>
        <PackageName Value="lazmanframes"/>
      </Item4>
      <Item5>
        <PackageName Value="lazfonctions"/>
      </Item5>
      <Item6>
        <PackageName Value="lazextcomponents"/>
      </Item6>
      <Item7>
        <PackageName Value="LCL"/>
      </Item7>
    </RequiredPackages>
    <Units Count="105">
      <Unit0>
        <Filename Value="hotel.pas"/>
        <IsPartOfProject Value="True"/>
        <UnitName Value="hotel"/>
        <EditorIndex Value="0"/>
        <WindowIndex Value="0"/>
        <TopLine Value="1"/>
        <CursorPos X="1" Y="1"/>
        <UsageCount Value="200"/>
        <Loaded Value="True"/>
        <LoadedDesigner Value="True"/>
      </Unit0>
      <Unit1>
        <Filename Value="../weo/U_ConstMessage.pas"/>
        <IsPartOfProject Value="True"/>
        <UnitName Value="U_ConstMessage"/>
        <TopLine Value="1"/>
        <CursorPos X="1" Y="1"/>
        <UsageCount Value="200"/>
      </Unit1>
      <Unit2>
        <Filename Value="../XMLFrames/composants/u_formxml.pas"/>
        <ComponentName Value="F_XMLForm"/>
        <HasResources Value="True"/>
        <ResourceBaseClass Value="Form"/>
        <UnitName Value="u_formxml"/>
        <TopLine Value="112"/>
        <CursorPos X="90" Y="23"/>
        <UsageCount Value="7"/>
      </Unit2>
      <Unit3>
        <Filename Value="../XMLFrames/forms/u_multidonnees.pas"/>
        <ComponentName Value="M_Donnees"/>
        <HasResources Value="True"/>
        <ResourceBaseClass Value="DataModule"/>
        <UnitName Value="u_multidonnees"/>
        <TopLine Value="73"/>
        <CursorPos X="66" Y="73"/>
        <UsageCount Value="39"/>
      </Unit3>
      <Unit4>
        <Filename Value="../XMLFrames/fonctions/fonctions_xml.pas"/>
        <UnitName Value="fonctions_xml"/>
        <TopLine Value="285"/>
        <CursorPos X="47" Y="296"/>
        <UsageCount Value="55"/>
      </Unit4>
      <Unit5>
        <Filename Value="../Extended/composants/U_ExtDBNavigator.pas"/>
        <UnitName Value="U_ExtDBNavigator"/>
        <TopLine Value="542"/>
        <CursorPos X="1" Y="561"/>
        <UsageCount Value="7"/>
      </Unit5>
      <Unit6>
        <Filename Value="../Extended/forms/U_About.pas"/>
        <UnitName Value="U_About"/>
        <TopLine Value="35"/>
        <CursorPos X="22" Y="55"/>
        <UsageCount Value="7"/>
      </Unit6>
      <Unit7>
        <Filename Value="../XMLFrames/fonctions/fonctions_ObjetsXML.pas"/>
        <UnitName Value="fonctions_ObjetsXML"/>
        <TopLine Value="2213"/>
        <CursorPos X="37" Y="2241"/>
        <UsageCount Value="69"/>
      </Unit7>
      <Unit8>
        <Filename Value="../XMLFrames/forms/U_XMLFenetrePrincipale.pas"/>
        <ComponentName Value="F_FenetrePrincipale"/>
        <HasResources Value="True"/>
        <ResourceBaseClass Value="Form"/>
        <UnitName Value="U_XMLFenetrePrincipale"/>
        <TopLine Value="220"/>
        <CursorPos X="144" Y="230"/>
        <UsageCount Value="66"/>
      </Unit8>
      <Unit9>
        <Filename Value="../../../../../usr/lib/lazarus/0.9.28.2/lcl/xmlpropstorage.pas"/>
        <UnitName Value="XMLPropStorage"/>
        <TopLine Value="18"/>
        <CursorPos X="70" Y="28"/>
        <UsageCount Value="7"/>
      </Unit9>
      <Unit10>
        <Filename Value="../ManFrames/forms/U_Acces.pas"/>
        <ComponentName Value="F_Acces"/>
        <HasResources Value="True"/>
        <ResourceBaseClass Value="Form"/>
        <UnitName Value="U_Acces"/>
        <TopLine Value="239"/>
        <CursorPos X="44" Y="245"/>
        <UsageCount Value="8"/>
      </Unit10>
      <Unit11>
        <Filename Value="../ManFrames/composants/U_FormMainIni.pas"/>
        <ComponentName Value="F_FormMainIni"/>
        <HasResources Value="True"/>
        <ResourceBaseClass Value="Form"/>
        <UnitName Value="U_FormMainIni"/>
        <TopLine Value="1418"/>
        <CursorPos X="21" Y="1426"/>
        <UsageCount Value="5"/>
      </Unit11>
      <Unit12>
        <Filename Value="../ManFrames/lazmansoft.lpk"/>
        <TopLine Value="1"/>
        <CursorPos X="1" Y="1"/>
        <UsageCount Value="4"/>
        <DefaultSyntaxHighlighter Value="XML"/>
      </Unit12>
      <Unit13>
        <Filename Value="../Extended/fonctions/fonctions_init.pas"/>
        <UnitName Value="fonctions_init"/>
        <TopLine Value="590"/>
        <CursorPos X="3" Y="595"/>
        <UsageCount Value="30"/>
      </Unit13>
      <Unit14>
        <Filename Value="../Alcinoe/source/ALXmlDoc.pas"/>
        <UnitName Value="ALXmlDoc"/>
        <TopLine Value="3652"/>
        <CursorPos X="1" Y="3671"/>
        <UsageCount Value="16"/>
      </Unit14>
      <Unit15>
        <Filename Value="../Alcinoe/source/ALFcnString.pas"/>
        <UnitName Value="ALFcnString"/>
        <TopLine Value="968"/>
        <CursorPos X="1" Y="1035"/>
        <UsageCount Value="13"/>
      </Unit15>
      <Unit16>
        <Filename Value="../Alcinoe/source/ALHttpCommon.pas"/>
        <UnitName Value="ALHttpCommon"/>
        <TopLine Value="1095"/>
        <CursorPos X="6" Y="1126"/>
        <UsageCount Value="5"/>
      </Unit16>
      <Unit17>
        <Filename Value="../Alcinoe/source/ALFcnRFC.pas"/>
        <UnitName Value="ALFcnRFC"/>
        <TopLine Value="227"/>
        <CursorPos X="84" Y="251"/>
        <UsageCount Value="5"/>
      </Unit17>
      <Unit18>
        <Filename Value="../Alcinoe/source/ALFcnMisc.pas"/>
        <UnitName Value="ALFcnMisc"/>
        <TopLine Value="171"/>
        <CursorPos X="18" Y="193"/>
        <UsageCount Value="5"/>
      </Unit18>
      <Unit19>
        <Filename Value="../../../../../usr/share/fpcsrc/2.2.4/packages/fcl-web/src/fphttp.pp"/>
        <UnitName Value="fphttp"/>
        <TopLine Value="25"/>
        <CursorPos X="45" Y="89"/>
        <UsageCount Value="5"/>
      </Unit19>
      <Unit20>
        <Filename Value="../../../../../usr/lib/lazarus/0.9.28.2/components/turbopower_ipro/iputils.pas"/>
        <UnitName Value="IpUtils"/>
        <TopLine Value="2680"/>
        <CursorPos X="1" Y="2685"/>
        <UsageCount Value="4"/>
      </Unit20>
      <Unit21>
        <Filename Value="../../../../../usr/lib/lazarus/0.9.28.2/components/turbopower_ipro/ipdefine.inc"/>
        <TopLine Value="1"/>
        <CursorPos X="48" Y="3"/>
        <UsageCount Value="4"/>
      </Unit21>
      <Unit22>
        <Filename Value="../../../../../usr/lib/lazarus/0.9.28.2/components/fpweb/demo/fptemplate/fileupload/cgi/webmodule.pas"/>
        <ComponentName Value="FPWebModule1"/>
        <HasResources Value="True"/>
        <ResourceBaseClass Value="DataModule"/>
        <UnitName Value="webmodule"/>
        <TopLine Value="144"/>
        <CursorPos X="96" Y="184"/>
        <UsageCount Value="4"/>
      </Unit22>
      <Unit23>
        <Filename Value="../XMLFrames/classes/U_AbstractSQLConvert.pas"/>
        <UnitName Value="U_AbstractSQLConvert"/>
        <TopLine Value="1"/>
        <CursorPos X="65" Y="17"/>
        <UsageCount Value="4"/>
      </Unit23>
      <Unit24>
        <Filename Value="../ManFrames/composants/U_GroupView.pas"/>
        <UnitName Value="U_GroupView"/>
        <TopLine Value="22"/>
        <CursorPos X="25" Y="41"/>
        <UsageCount Value="10"/>
      </Unit24>
      <Unit25>
        <Filename Value="../ManFrames/composants/U_GroupView.lrs"/>
        <TopLine Value="1"/>
        <CursorPos X="1" Y="1"/>
        <UsageCount Value="4"/>
      </Unit25>
      <Unit26>
        <Filename Value="../ManFrames/composants/U_RegisterGroupView.pas"/>
        <UnitName Value="U_RegisterGroupView"/>
        <TopLine Value="1"/>
        <CursorPos X="69" Y="10"/>
        <UsageCount Value="7"/>
      </Unit26>
      <Unit27>
        <Filename Value="../Extended/composants/U_RegisterListView.pas"/>
        <UnitName Value="U_RegisterListView"/>
        <TopLine Value="28"/>
        <CursorPos X="1" Y="65"/>
        <UsageCount Value="4"/>
      </Unit27>
      <Unit28>
        <Filename Value="../Extended/composants/U_DBListView.pas"/>
        <UnitName Value="U_DBListView"/>
        <TopLine Value="1"/>
        <CursorPos X="8" Y="29"/>
        <UsageCount Value="4"/>
      </Unit28>
      <Unit29>
        <Filename Value="../Extended/forms/u_zconnection.pas"/>
        <ComponentName Value="F_ZConnectionWindow"/>
        <HasResources Value="True"/>
        <ResourceBaseClass Value="Form"/>
        <UnitName Value="u_zconnection"/>
        <TopLine Value="188"/>
        <CursorPos X="29" Y="207"/>
        <UsageCount Value="7"/>
      </Unit29>
      <Unit30>
        <Filename Value="../Extended/composants/U_ExtDBNavigator.lrs"/>
        <TopLine Value="1"/>
        <CursorPos X="17" Y="1"/>
        <UsageCount Value="4"/>
      </Unit30>
      <Unit31>
        <Filename Value="../Extended/composants/U_RegisterExtDBNav.pas"/>
        <UnitName Value="U_RegisterExtDBNav"/>
        <TopLine Value="1"/>
        <CursorPos X="14" Y="17"/>
        <UsageCount Value="4"/>
      </Unit31>
      <Unit32>
        <Filename Value="../Extended/composants/U_ExtDBNavigator2.res"/>
        <TopLine Value="1"/>
        <CursorPos X="1" Y="1"/>
        <UsageCount Value="4"/>
        <DefaultSyntaxHighlighter Value="None"/>
      </Unit32>
      <Unit33>
        <Filename Value="../Extended/composants/PCheck.pas"/>
        <UnitName Value="PCheck"/>
        <TopLine Value="223"/>
        <CursorPos X="67" Y="235"/>
        <UsageCount Value="4"/>
      </Unit33>
      <Unit34>
        <Filename Value="../ZEOSDBO/src/component/ZAbstractRODataset.pas"/>
        <UnitName Value="ZAbstractRODataset"/>
        <TopLine Value="738"/>
        <CursorPos X="1" Y="758"/>
        <UsageCount Value="7"/>
      </Unit34>
      <Unit35>
        <Filename Value="../Alcinoe/source/ALFcnUnicode.pas"/>
        <UnitName Value="ALFcnUnicode"/>
        <TopLine Value="97"/>
        <CursorPos X="80" Y="113"/>
        <UsageCount Value="7"/>
      </Unit35>
      <Unit36>
        <Filename Value="../c Alcinoe/source/ALFcnUnicode.pas"/>
        <UnitName Value="ALFcnUnicode"/>
        <TopLine Value="292"/>
        <CursorPos X="12" Y="312"/>
        <UsageCount Value="5"/>
      </Unit36>
      <Unit37>
        <Filename Value="../../../../../lazarus/fpc/2.2.4/source/packages/fcl-db/src/dbase/dbf_wtil.pas"/>
        <UnitName Value="dbf_wtil"/>
        <TopLine Value="238"/>
        <CursorPos X="1" Y="258"/>
        <UsageCount Value="4"/>
      </Unit37>
      <Unit38>
        <Filename Value="../Alcinoe/xmldocument.lpk"/>
        <TopLine Value="25"/>
        <CursorPos X="27" Y="47"/>
        <UsageCount Value="4"/>
        <DefaultSyntaxHighlighter Value="XML"/>
      </Unit38>
      <Unit39>
        <Filename Value="../Alcinoe/xmldocument.pas"/>
        <UnitName Value="xmldocument"/>
        <TopLine Value="1"/>
        <CursorPos X="1" Y="1"/>
        <UsageCount Value="6"/>
      </Unit39>
      <Unit40>
        <Filename Value="../XMLFrames/xmlcomponents.lpk"/>
        <TopLine Value="1"/>
        <CursorPos X="1" Y="1"/>
        <UsageCount Value="6"/>
        <DefaultSyntaxHighlighter Value="XML"/>
      </Unit40>
      <Unit41>
        <Filename Value="../XMLFrames/lazxmlframes.lpk"/>
        <TopLine Value="58"/>
        <CursorPos X="1" Y="87"/>
        <UsageCount Value="4"/>
        <DefaultSyntaxHighlighter Value="XML"/>
      </Unit41>
      <Unit42>
        <Filename Value="../Extended/fonctions/fonctions_version.pas"/>
        <UnitName Value="fonctions_version"/>
        <TopLine Value="18"/>
        <CursorPos X="6" Y="38"/>
        <UsageCount Value="9"/>
      </Unit42>
      <Unit43>
        <Filename Value="../Extended/composants/U_FormMainIni.pas"/>
        <ComponentName Value="F_FormMainIni"/>
        <HasResources Value="True"/>
        <ResourceBaseClass Value="Form"/>
        <UnitName Value="U_FormMainIni"/>
        <TopLine Value="309"/>
        <CursorPos X="31" Y="324"/>
        <UsageCount Value="63"/>
      </Unit43>
      <Unit44>
        <Filename Value="../ManFrames/forms/U_FenetrePrincipale.pas"/>
        <ComponentName Value="F_FenetrePrincipale"/>
        <HasResources Value="True"/>
        <ResourceBaseClass Value="Form"/>
        <UnitName Value="U_FenetrePrincipale"/>
        <TopLine Value="291"/>
        <CursorPos X="29" Y="311"/>
        <UsageCount Value="13"/>
      </Unit44>
      <Unit45>
        <Filename Value="../Alcinoe/source/ALFcnHTML.pas"/>
        <UnitName Value="ALFcnHTML"/>
        <TopLine Value="1"/>
        <CursorPos X="1" Y="1"/>
        <UsageCount Value="7"/>
      </Unit45>
      <Unit46>
        <Filename Value="../../FreeLogy/Components/fdtreeview/dfdtreeview.bdsproj"/>
        <TopLine Value="1"/>
        <CursorPos X="1" Y="1"/>
        <UsageCount Value="4"/>
        <DefaultSyntaxHighlighter Value="None"/>
      </Unit46>
      <Unit47>
        <Filename Value="../ExtToolbar/Source/extdock.pas"/>
        <UnitName Value="extdock"/>
        <TopLine Value="2206"/>
        <CursorPos X="1" Y="2225"/>
        <UsageCount Value="30"/>
      </Unit47>
      <Unit48>
        <Filename Value="../Extended/composants/u_regextcolorcombos.pas"/>
        <UnitName Value="u_regextcolorcombos"/>
        <TopLine Value="10"/>
        <CursorPos X="47" Y="42"/>
        <UsageCount Value="4"/>
      </Unit48>
      <Unit49>
        <Filename Value="../Extended/composants/u_regextnumedits.pas"/>
        <UnitName Value="u_regextnumedits"/>
        <TopLine Value="11"/>
        <CursorPos X="47" Y="42"/>
        <UsageCount Value="4"/>
      </Unit49>
      <Unit50>
        <Filename Value="../Extended/composants/u_regframeworkcomponents.pas"/>
        <UnitName Value="u_regframeworkcomponents"/>
        <TopLine Value="20"/>
        <CursorPos X="54" Y="30"/>
        <UsageCount Value="8"/>
      </Unit50>
      <Unit51>
        <Filename Value="../Extended/composants/u_regfwbuttons.pas"/>
        <UnitName Value="u_regfwbuttons"/>
        <TopLine Value="5"/>
        <CursorPos X="82" Y="41"/>
        <UsageCount Value="5"/>
      </Unit51>
      <Unit52>
        <Filename Value="../Extended/composants/U_RegImageComponents.pas"/>
        <UnitName Value="U_RegImageComponents"/>
        <TopLine Value="1"/>
        <CursorPos X="1" Y="23"/>
        <UsageCount Value="4"/>
      </Unit52>
      <Unit53>
        <Filename Value="../Extended/composants/U_RegisterAppIni.pas"/>
        <UnitName Value="U_RegisterAppIni"/>
        <TopLine Value="1"/>
        <CursorPos X="1" Y="1"/>
        <UsageCount Value="5"/>
      </Unit53>
      <Unit54>
        <Filename Value="../Extended/composants/u_regonforminfoini.pas"/>
        <UnitName Value="u_regonforminfoini"/>
        <TopLine Value="13"/>
        <CursorPos X="1" Y="50"/>
        <UsageCount Value="4"/>
      </Unit54>
      <Unit55>
        <Filename Value="../ManFrames/fonctions/fonctions_Objets_Dynamiques.pas"/>
        <UnitName Value="fonctions_Objets_Dynamiques"/>
        <TopLine Value="201"/>
        <CursorPos X="50" Y="201"/>
        <UsageCount Value="33"/>
      </Unit55>
      <Unit56>
        <Filename Value="../Extended/composants/U_ExtDBImage.pas"/>
        <UnitName Value="U_ExtDBImage"/>
        <TopLine Value="96"/>
        <CursorPos X="23" Y="108"/>
        <UsageCount Value="9"/>
      </Unit56>
      <Unit57>
        <Filename Value="../Extended/extends.inc"/>
        <TopLine Value="1"/>
        <CursorPos X="20" Y="4"/>
        <UsageCount Value="8"/>
      </Unit57>
      <Unit58>
        <Filename Value="../Extended/fonctions/fonctions_db.pas"/>
        <UnitName Value="fonctions_db"/>
        <TopLine Value="1"/>
        <CursorPos X="72" Y="11"/>
        <UsageCount Value="8"/>
      </Unit58>
      <Unit59>
        <Filename Value="../Extended/fonctions/fonctions_string.pas"/>
        <UnitName Value="fonctions_string"/>
        <TopLine Value="694"/>
        <CursorPos X="3" Y="696"/>
        <UsageCount Value="14"/>
      </Unit59>
      <Unit60>
        <Filename Value="../XMLFrames/composants/u_xmlform.pas"/>
        <UnitName Value="u_xmlform"/>
        <TopLine Value="1083"/>
        <CursorPos X="25" Y="1093"/>
        <UsageCount Value="48"/>
      </Unit60>
      <Unit61>
        <Filename Value="../XMLFrames/fonctions/fonctions_autocomponents.pas"/>
        <UnitName Value="fonctions_autocomponents"/>
        <TopLine Value="377"/>
        <CursorPos X="1" Y="392"/>
        <UsageCount Value="45"/>
      </Unit61>
      <Unit62>
        <Filename Value="../weo/weo.dpr"/>
        <UnitName Value="weo"/>
        <TopLine Value="28"/>
        <CursorPos X="1" Y="58"/>
        <UsageCount Value="5"/>
      </Unit62>
      <Unit63>
        <Filename Value="../ManFrames/fonctions/unite_variables.pas"/>
        <UnitName Value="unite_variables"/>
        <TopLine Value="110"/>
        <CursorPos X="1" Y="132"/>
        <UsageCount Value="14"/>
      </Unit63>
      <Unit64>
        <Filename Value="../ZEOSDBO/src/dbc/ZDbcIntfs.pas"/>
        <UnitName Value="ZDbcIntfs"/>
        <TopLine Value="950"/>
        <CursorPos X="26" Y="955"/>
        <UsageCount Value="8"/>
      </Unit64>
      <Unit65>
        <Filename Value="../ManFrames/composants/u_formdico.pas"/>
        <ComponentName Value="F_FormFrameWork"/>
        <HasResources Value="True"/>
        <ResourceBaseClass Value="Form"/>
        <UnitName Value="u_formdico"/>
        <TopLine Value="540"/>
        <CursorPos X="119" Y="559"/>
        <UsageCount Value="9"/>
      </Unit65>
      <Unit66>
        <Filename Value="../../../Extended/composants/u_extdbgrid.pas"/>
        <UnitName Value="u_extdbgrid"/>
        <WindowIndex Value="0"/>
        <TopLine Value="446"/>
        <CursorPos X="1" Y="469"/>
        <UsageCount Value="20"/>
      </Unit66>
      <Unit67>
        <Filename Value="../../../Extended/composants/u_framework_dbcomponents.pas"/>
        <UnitName Value="u_framework_dbcomponents"/>
        <WindowIndex Value="0"/>
        <TopLine Value="25"/>
        <CursorPos X="13" Y="48"/>
        <UsageCount Value="10"/>
      </Unit67>
      <Unit68>
        <Filename Value="../../../Extended/composants/u_extsearchedit.pas"/>
        <UnitName Value="u_extsearchedit"/>
        <WindowIndex Value="0"/>
        <TopLine Value="27"/>
        <CursorPos X="32" Y="46"/>
        <UsageCount Value="14"/>
      </Unit68>
      <Unit69>
        <Filename Value="../../../ManFrames/fonctions/fonctions_Objets_Dynamiques.pas"/>
        <UnitName Value="fonctions_Objets_Dynamiques"/>
        <WindowIndex Value="0"/>
        <TopLine Value="387"/>
        <CursorPos X="20" Y="410"/>
        <UsageCount Value="11"/>
        <DefaultSyntaxHighlighter Value="Delphi"/>
      </Unit69>
      <Unit70>
        <Filename Value="../../../Extended/fonctions/fonctions_init.pas"/>
        <UnitName Value="fonctions_init"/>
        <WindowIndex Value="0"/>
        <TopLine Value="1"/>
        <CursorPos X="1" Y="1"/>
        <UsageCount Value="11"/>
      </Unit70>
      <Unit71>
        <Filename Value="../../../ManFrames/composants/u_customframework.pas"/>
        <ComponentName Value="F_CustomFrameWork"/>
        <HasResources Value="True"/>
        <ResourceBaseClass Value="Form"/>
        <UnitName Value="u_customframework"/>
        <EditorIndex Value="11"/>
        <WindowIndex Value="0"/>
        <TopLine Value="208"/>
        <CursorPos X="15" Y="231"/>
        <UsageCount Value="22"/>
        <Loaded Value="True"/>
        <LoadedDesigner Value="True"/>
        <DefaultSyntaxHighlighter Value="Delphi"/>
      </Unit71>
      <Unit72>
        <Filename Value="../../../ManFrames/composants/u_formdico.pas"/>
        <ComponentName Value="F_FormDico"/>
        <HasResources Value="True"/>
        <ResourceBaseClass Value="Form"/>
        <UnitName Value="u_formdico"/>
        <EditorIndex Value="1"/>
        <WindowIndex Value="0"/>
        <TopLine Value="39"/>
        <CursorPos X="97" Y="51"/>
        <UsageCount Value="22"/>
        <Loaded Value="True"/>
        <DefaultSyntaxHighlighter Value="Delphi"/>
      </Unit72>
      <Unit73>
        <Filename Value="../../fonctions/fonctions_autocomponents.pas"/>
        <UnitName Value="fonctions_autocomponents"/>
        <WindowIndex Value="0"/>
        <TopLine Value="367"/>
        <CursorPos X="43" Y="408"/>
        <UsageCount Value="14"/>
      </Unit73>
      <Unit74>
        <Filename Value="../../fonctions/fonctions_xml.pas"/>
        <UnitName Value="fonctions_xml"/>
        <EditorIndex Value="10"/>
        <WindowIndex Value="0"/>
        <TopLine Value="66"/>
        <CursorPos X="126" Y="72"/>
        <UsageCount Value="22"/>
        <Loaded Value="True"/>
      </Unit74>
      <Unit75>
        <Filename Value="../../fonctions/fonctions_ObjetsXML.pas"/>
        <UnitName Value="fonctions_ObjetsXML"/>
        <EditorIndex Value="12"/>
        <WindowIndex Value="0"/>
        <TopLine Value="90"/>
        <CursorPos X="10" Y="113"/>
        <UsageCount Value="22"/>
        <Loaded Value="True"/>
      </Unit75>
      <Unit76>
        <Filename Value="../../composants/u_xmlform.pas"/>
        <UnitName Value="u_xmlform"/>
        <EditorIndex Value="2"/>
        <WindowIndex Value="0"/>
        <TopLine Value="1"/>
        <CursorPos X="1" Y="1"/>
        <UsageCount Value="22"/>
        <Loaded Value="True"/>
      </Unit76>
      <Unit77>
        <Filename Value="/usr/lib/lazarus/0.9.30/lcl/dbctrls.pp"/>
        <UnitName Value="DbCtrls"/>
        <WindowIndex Value="0"/>
        <TopLine Value="163"/>
        <CursorPos X="30" Y="186"/>
        <UsageCount Value="16"/>
      </Unit77>
      <Unit78>
        <Filename Value="/usr/lib/lazarus/0.9.30/lcl/maskedit.pp"/>
        <UnitName Value="MaskEdit"/>
        <WindowIndex Value="0"/>
        <TopLine Value="153"/>
        <CursorPos X="33" Y="176"/>
        <UsageCount Value="16"/>
      </Unit78>
      <Unit79>
        <Filename Value="/usr/lib/lazarus/0.9.30/lcl/stdctrls.pp"/>
        <UnitName Value="StdCtrls"/>
        <WindowIndex Value="0"/>
        <TopLine Value="662"/>
        <CursorPos X="32" Y="685"/>
        <UsageCount Value="16"/>
      </Unit79>
      <Unit80>
        <Filename Value="/usr/lib/lazarus/0.9.30/lcl/controls.pp"/>
        <UnitName Value="Controls"/>
        <WindowIndex Value="0"/>
        <TopLine Value="1626"/>
        <CursorPos X="23" Y="1638"/>
        <UsageCount Value="16"/>
      </Unit80>
      <Unit81>
        <Filename Value="/usr/lib/lazarus/0.9.30/lcl/extctrls.pp"/>
        <UnitName Value="ExtCtrls"/>
        <WindowIndex Value="0"/>
        <TopLine Value="573"/>
        <CursorPos X="33" Y="596"/>
        <UsageCount Value="12"/>
      </Unit81>
      <Unit82>
        <Filename Value="/usr/lib/lazarus/0.9.30/lcl/include/wincontrol.inc"/>
        <WindowIndex Value="0"/>
        <TopLine Value="7621"/>
        <CursorPos X="1" Y="7644"/>
        <UsageCount Value="10"/>
      </Unit82>
      <Unit83>
        <Filename Value="../../../Extended/composants/u_buttons_appli.pas"/>
        <UnitName Value="u_buttons_appli"/>
        <WindowIndex Value="0"/>
        <TopLine Value="1"/>
        <CursorPos X="95" Y="32"/>
        <UsageCount Value="13"/>
      </Unit83>
      <Unit84>
        <Filename Value="../../../FDV Demo/U_Affectation.pas"/>
        <UnitName Value="U_Affectation"/>
        <WindowIndex Value="0"/>
        <TopLine Value="27"/>
        <CursorPos X="1" Y="1"/>
        <UsageCount Value="11"/>
      </Unit84>
      <Unit85>
        <Filename Value="../../../FDV Demo/U_Caracteristique.pas"/>
        <UnitName Value="U_Caracteristique"/>
        <WindowIndex Value="0"/>
        <TopLine Value="54"/>
        <CursorPos X="1" Y="1"/>
        <UsageCount Value="11"/>
      </Unit85>
      <Unit86>
        <Filename Value="../../../../Delphi/Virtual/FDV Demo/U_Caracteristique.pas"/>
        <UnitName Value="U_Caracteristique"/>
        <WindowIndex Value="0"/>
        <TopLine Value="66"/>
        <CursorPos X="1" Y="1"/>
        <UsageCount Value="11"/>
      </Unit86>
      <Unit87>
        <Filename Value="../../../../Delphi/Virtual/FDV Demo/U_ComposeArticle.pas"/>
        <HasResources Value="True"/>
        <UnitName Value="U_ComposeArticle"/>
        <WindowIndex Value="0"/>
        <TopLine Value="183"/>
        <CursorPos X="1" Y="1"/>
        <UsageCount Value="11"/>
      </Unit87>
      <Unit88>
        <Filename Value="../../../ManFrames/composants/u_buttons_manage.pas"/>
        <UnitName Value="u_buttons_manage"/>
        <WindowIndex Value="0"/>
        <TopLine Value="1"/>
        <CursorPos X="106" Y="16"/>
        <UsageCount Value="10"/>
        <DefaultSyntaxHighlighter Value="Delphi"/>
      </Unit88>
      <Unit89>
        <Filename Value="../../../../Lazarus/composants/jvXP/JvXPButtons.pas"/>
        <UnitName Value="JvXPButtons"/>
        <WindowIndex Value="0"/>
        <TopLine Value="583"/>
        <CursorPos X="84" Y="587"/>
        <UsageCount Value="14"/>
      </Unit89>
      <Unit90>
        <Filename Value="../../../ManFrames/composants/U_GroupView.pas"/>
        <UnitName Value="U_GroupView"/>
        <IsVisibleTab Value="True"/>
        <EditorIndex Value="3"/>
        <WindowIndex Value="0"/>
        <TopLine Value="40"/>
        <CursorPos X="69" Y="50"/>
        <UsageCount Value="15"/>
        <Loaded Value="True"/>
        <DefaultSyntaxHighlighter Value="Delphi"/>
      </Unit90>
      <Unit91>
        <Filename Value="/usr/lib/lazarus/0.9.30/lcl/comctrls.pp"/>
        <UnitName Value="ComCtrls"/>
        <WindowIndex Value="0"/>
        <TopLine Value="870"/>
        <CursorPos X="3" Y="867"/>
        <UsageCount Value="13"/>
      </Unit91>
      <Unit92>
        <Filename Value="../../../ManFrames/fonctions/unite_variables.pas"/>
        <UnitName Value="unite_variables"/>
        <WindowIndex Value="0"/>
        <TopLine Value="1"/>
        <CursorPos X="1" Y="10"/>
        <UsageCount Value="11"/>
        <DefaultSyntaxHighlighter Value="Delphi"/>
      </Unit92>
      <Unit93>
        <Filename Value="../../../Extended/composants/U_DBListView.pas"/>
        <UnitName Value="U_DBListView"/>
        <EditorIndex Value="4"/>
        <WindowIndex Value="0"/>
        <TopLine Value="40"/>
        <CursorPos X="112" Y="58"/>
        <UsageCount Value="13"/>
        <Loaded Value="True"/>
      </Unit93>
      <Unit94>
        <Filename Value="../../../Extended/fonctions/fonctions_db.pas"/>
        <UnitName Value="fonctions_db"/>
        <EditorIndex Value="8"/>
        <WindowIndex Value="0"/>
        <TopLine Value="502"/>
        <CursorPos X="3" Y="512"/>
        <UsageCount Value="14"/>
        <Loaded Value="True"/>
      </Unit94>
      <Unit95>
        <Filename Value="/usr/lib/lazarus/0.9.30/lcl/interfaces/gtk2/gtk2wsforms.pp"/>
        <UnitName Value="Gtk2WSForms"/>
        <WindowIndex Value="0"/>
        <TopLine Value="116"/>
        <CursorPos X="46" Y="127"/>
        <UsageCount Value="10"/>
      </Unit95>
      <Unit96>
        <Filename Value="../../../Extended/fonctions/fonctions_variant.pas"/>
        <UnitName Value="fonctions_variant"/>
        <WindowIndex Value="0"/>
        <TopLine Value="50"/>
        <CursorPos X="1" Y="68"/>
        <UsageCount Value="12"/>
      </Unit96>
      <Unit97>
        <Filename Value="/usr/share/fpcsrc/2.4.2/rtl/inc/systemh.inc"/>
        <WindowIndex Value="0"/>
        <TopLine Value="742"/>
        <CursorPos X="11" Y="765"/>
        <UsageCount Value="10"/>
      </Unit97>
      <Unit98>
        <Filename Value="../../../Extended/composants/U_ExtComboInsert.pas"/>
        <UnitName Value="U_ExtComboInsert"/>
        <WindowIndex Value="0"/>
        <TopLine Value="678"/>
        <CursorPos X="27" Y="698"/>
        <UsageCount Value="11"/>
      </Unit98>
      <Unit99>
        <Filename Value="../../../Extended/fonctions/fonctions_proprietes.pas"/>
        <UnitName Value="fonctions_proprietes"/>
        <WindowIndex Value="0"/>
        <TopLine Value="1"/>
        <CursorPos X="81" Y="7"/>
        <UsageCount Value="11"/>
      </Unit99>
      <Unit100>
        <Filename Value="../../../ManFrames/lazmanframes.pas"/>
        <UnitName Value="lazmanframes"/>
        <WindowIndex Value="0"/>
        <TopLine Value="1"/>
        <CursorPos X="12" Y="26"/>
        <UsageCount Value="11"/>
        <DefaultSyntaxHighlighter Value="Delphi"/>
      </Unit100>
      <Unit101>
        <Filename Value="../../forms/U_XMLFenetrePrincipale.pas"/>
        <UnitName Value="U_XMLFenetrePrincipale"/>
        <EditorIndex Value="9"/>
        <WindowIndex Value="0"/>
        <TopLine Value="47"/>
        <CursorPos X="90" Y="64"/>
        <UsageCount Value="12"/>
        <Loaded Value="True"/>
      </Unit101>
      <Unit102>
        <Filename Value="/usr/share/fpcsrc/2.4.2/packages/fcl-db/src/base/db.pas"/>
        <UnitName Value="db"/>
        <EditorIndex Value="6"/>
        <WindowIndex Value="0"/>
        <TopLine Value="1290"/>
        <CursorPos X="15" Y="1313"/>
        <UsageCount Value="11"/>
        <Loaded Value="True"/>
      </Unit102>
      <Unit103>
        <Filename Value="/usr/share/fpcsrc/2.4.2/packages/fcl-db/src/base/dataset.inc"/>
        <EditorIndex Value="7"/>
        <WindowIndex Value="0"/>
        <TopLine Value="1760"/>
        <CursorPos X="3" Y="1819"/>
        <UsageCount Value="11"/>
        <Loaded Value="True"/>
      </Unit103>
      <Unit104>
        <Filename Value="../../../Extended/fonctions/fonctions_string.pas"/>
        <UnitName Value="fonctions_string"/>
        <EditorIndex Value="5"/>
        <WindowIndex Value="0"/>
        <TopLine Value="40"/>
        <CursorPos X="113" Y="73"/>
        <UsageCount Value="11"/>
        <Loaded Value="True"/>
      </Unit104>
    </Units>
    <JumpHistory Count="30" HistoryIndex="29">
      <Position1>
        <Filename Value="../../../ManFrames/composants/U_GroupView.pas"/>
        <Caret Line="3399" Column="97" TopLine="3388"/>
      </Position1>
      <Position2>
        <Filename Value="../../../ManFrames/composants/U_GroupView.pas"/>
        <Caret Line="3432" Column="1" TopLine="3401"/>
      </Position2>
      <Position3>
        <Filename Value="../../../ManFrames/composants/U_GroupView.pas"/>
        <Caret Line="3426" Column="58" TopLine="3409"/>
      </Position3>
      <Position4>
        <Filename Value="../../../ManFrames/composants/U_GroupView.pas"/>
        <Caret Line="1" Column="1" TopLine="1"/>
      </Position4>
      <Position5>
        <Filename Value="../../composants/u_xmlform.pas"/>
        <Caret Line="518" Column="21" TopLine="496"/>
      </Position5>
      <Position6>
        <Filename Value="../../composants/u_xmlform.pas"/>
        <Caret Line="516" Column="30" TopLine="493"/>
      </Position6>
      <Position7>
        <Filename Value="../../composants/u_xmlform.pas"/>
        <Caret Line="684" Column="29" TopLine="646"/>
      </Position7>
      <Position8>
        <Filename Value="../../composants/u_xmlform.pas"/>
        <Caret Line="516" Column="27" TopLine="500"/>
      </Position8>
      <Position9>
        <Filename Value="../../composants/u_xmlform.pas"/>
        <Caret Line="694" Column="1" TopLine="662"/>
      </Position9>
      <Position10>
        <Filename Value="../../composants/u_xmlform.pas"/>
        <Caret Line="518" Column="1" TopLine="504"/>
      </Position10>
      <Position11>
        <Filename Value="../../composants/u_xmlform.pas"/>
        <Caret Line="786" Column="16" TopLine="748"/>
      </Position11>
      <Position12>
        <Filename Value="../../composants/u_xmlform.pas"/>
        <Caret Line="917" Column="14" TopLine="879"/>
      </Position12>
      <Position13>
        <Filename Value="../../composants/u_xmlform.pas"/>
        <Caret Line="1172" Column="16" TopLine="1134"/>
      </Position13>
      <Position14>
        <Filename Value="../../composants/u_xmlform.pas"/>
        <Caret Line="1912" Column="18" TopLine="1874"/>
      </Position14>
      <Position15>
        <Filename Value="../../composants/u_xmlform.pas"/>
        <Caret Line="1" Column="1" TopLine="1"/>
      </Position15>
      <Position16>
        <Filename Value="../../composants/u_xmlform.pas"/>
        <Caret Line="786" Column="16" TopLine="748"/>
      </Position16>
      <Position17>
        <Filename Value="../../composants/u_xmlform.pas"/>
        <Caret Line="917" Column="14" TopLine="879"/>
      </Position17>
      <Position18>
        <Filename Value="../../composants/u_xmlform.pas"/>
        <Caret Line="1172" Column="16" TopLine="1134"/>
      </Position18>
      <Position19>
        <Filename Value="../../composants/u_xmlform.pas"/>
        <Caret Line="1885" Column="34" TopLine="1874"/>
      </Position19>
      <Position20>
        <Filename Value="../../composants/u_xmlform.pas"/>
        <Caret Line="1" Column="1" TopLine="1"/>
      </Position20>
      <Position21>
        <Filename Value="../../composants/u_xmlform.pas"/>
        <Caret Line="786" Column="16" TopLine="748"/>
      </Position21>
      <Position22>
        <Filename Value="../../composants/u_xmlform.pas"/>
        <Caret Line="917" Column="14" TopLine="879"/>
      </Position22>
      <Position23>
        <Filename Value="../../composants/u_xmlform.pas"/>
        <Caret Line="1172" Column="16" TopLine="1134"/>
      </Position23>
      <Position24>
        <Filename Value="../../../ManFrames/composants/U_GroupView.pas"/>
        <Caret Line="644" Column="44" TopLine="629"/>
      </Position24>
      <Position25>
        <Filename Value="../../../ManFrames/composants/U_GroupView.pas"/>
        <Caret Line="784" Column="3" TopLine="746"/>
      </Position25>
      <Position26>
        <Filename Value="../../composants/u_xmlform.pas"/>
        <Caret Line="683" Column="74" TopLine="672"/>
      </Position26>
      <Position27>
        <Filename Value="../../../Extended/composants/U_DBListView.pas"/>
        <Caret Line="1250" Column="71" TopLine="1247"/>
      </Position27>
      <Position28>
        <Filename Value="../../../ManFrames/composants/U_GroupView.pas"/>
        <Caret Line="751" Column="57" TopLine="746"/>
      </Position28>
      <Position29>
        <Filename Value="../../../Extended/fonctions/fonctions_string.pas"/>
        <Caret Line="620" Column="89" TopLine="611"/>
      </Position29>
      <Position30>
        <Filename Value="../../forms/U_XMLFenetrePrincipale.pas"/>
        <Caret Line="427" Column="135" TopLine="417"/>
      </Position30>
    </JumpHistory>
  </ProjectOptions>
  <CompilerOptions>
    <Version Value="9"/>
    <SearchPaths>
      <IncludeFiles Value="$(ProjOutDir)"/>
      <UnitOutputDirectory Value="$(TargetCPU)-$(TargetOS)"/>
    </SearchPaths>
    <Parsing>
      <SyntaxOptions>
        <UseAnsiStrings Value="False"/>
      </SyntaxOptions>
    </Parsing>
    <CodeGeneration>
      <Optimizations>
        <OptimizationLevel Value="3"/>
      </Optimizations>
    </CodeGeneration>
    <Linking>
      <Debugging>
        <UseLineInfoUnit Value="False"/>
      </Debugging>
    </Linking>
    <Other>
      <CompilerMessages>
        <UseMsgFile Value="True"/>
      </CompilerMessages>
      <CompilerPath Value="$(CompPath)"/>
    </Other>
  </CompilerOptions>
  <Debugging>
    <BreakPoints Count="12">
      <Item1>
        <Source Value="../Alcinoe/source/ALXMLDoc.pas"/>
        <Line Value="1513"/>
      </Item1>
      <Item2>
        <Source Value="../ExtToolbar/Source/exttbtls.pas"/>
        <Line Value="425"/>
      </Item2>
      <Item3>
        <Source Value="../ExtToolbar/Source/extdock.pas"/>
        <Line Value="213"/>
      </Item3>
      <Item4>
        <Source Value="../ExtToolbar/Source/extdock.pas"/>
        <Line Value="1799"/>
      </Item4>
      <Item5>
        <Source Value="../ExtToolbar/Source/extdock.pas"/>
        <Line Value="2219"/>
      </Item5>
      <Item6>
        <Source Value="../ExtToolbar/Source/extdock.pas"/>
        <Line Value="4590"/>
      </Item6>
      <Item7>
        <Source Value="../ExtToolbar/Source/extdock.pas"/>
        <Line Value="4693"/>
      </Item7>
      <Item8>
        <Source Value="../../../ManFrames/composants/u_customframework.pas"/>
        <Line Value="3422"/>
      </Item8>
      <Item9>
        <Source Value="../../../ManFrames/composants/u_customframework.pas"/>
        <Line Value="1207"/>
      </Item9>
      <Item10>
        <Source Value="/usr/share/fpcsrc/2.4.2/packages/fcl-db/src/base/dataset.inc"/>
        <Line Value="295"/>
      </Item10>
      <Item11>
        <Source Value="/usr/share/fpcsrc/2.4.2/packages/fcl-db/src/base/dataset.inc"/>
        <Line Value="1683"/>
      </Item11>
      <Item12>
        <Source Value="/usr/share/fpcsrc/2.4.2/packages/fcl-db/src/base/datasource.inc"/>
        <Line Value="543"/>
      </Item12>
    </BreakPoints>
    <Exceptions Count="3">
      <Item1>
        <Name Value="EAbort"/>
      </Item1>
      <Item2>
        <Name Value="ECodetoolError"/>
      </Item2>
      <Item3>
        <Name Value="EFOpenError"/>
      </Item3>
    </Exceptions>
  </Debugging>
</CONFIG>
